
Microsoft Visual Studio Solution File, Format Version 11.00
# Visual C++ Express 2010
Project("{8BC9CEB8-8B4A-11D0-8D11-00A0C91BC942}") = "BINDInstall", "BINDInstall\BINDInstall.vcxproj", "{41B1A417-2276-422A-A054-2691F6E40A54}"
	ProjectSection(ProjectDependencies) = postProject
		{69048307-9655-4AAA-B07E-B67345C1DEF9} = {69048307-9655-4AAA-B07E-B67345C1DEF9}
		{9F69DE07-D285-4B5C-8528-DF975C59ED3B} = {9F69DE07-D285-4B5C-8528-DF975C59ED3B}
		{5D857B14-7763-466C-9D4E-D7C2E57C0E7F} = {5D857B14-7763-466C-9D4E-D7C2E57C0E7F}
		{D781E925-FE57-4C75-9E26-BBC102B6A24A} = {D781E925-FE57-4C75-9E26-BBC102B6A24A}
		{7D04222B-643C-446C-A2B8-93AF74A86246} = {7D04222B-643C-446C-A2B8-93AF74A86246}
		{DCF4ED2E-FFD1-4432-AFEF-8D6EC96B79A2} = {DCF4ED2E-FFD1-4432-AFEF-8D6EC96B79A2}
		{6D55503E-0B43-4273-B6A5-4CEB39E114AC} = {6D55503E-0B43-4273-B6A5-4CEB39E114AC}
		{13215E3E-E75D-463D-A0EF-93A1C9A20896} = {13215E3E-E75D-463D-A0EF-93A1C9A20896}
		{8F120666-1A69-4506-8546-0F665E80FFB7} = {8F120666-1A69-4506-8546-0F665E80FFB7}
		{8412D26C-6C2B-4FCC-ABB4-E9509E833951} = {8412D26C-6C2B-4FCC-ABB4-E9509E833951}
		{2C518972-FF5F-4D33-9D3E-5BCC6357EDD7} = {2C518972-FF5F-4D33-9D3E-5BCC6357EDD7}
		{6AC4F7A4-9BDC-415F-81DB-6332CACA38B3} = {6AC4F7A4-9BDC-415F-81DB-6332CACA38B3}
		{13D541BC-8365-42F7-840F-A117CA0413DD} = {13D541BC-8365-42F7-840F-A117CA0413DD}
		{813BA1C9-8CD8-4B06-B1C0-FDAB576AC4B6} = {813BA1C9-8CD8-4B06-B1C0-FDAB576AC4B6}
		{2E64F6CC-3AD9-4DA7-8E05-ABBB83F9AFC4} = {2E64F6CC-3AD9-4DA7-8E05-ABBB83F9AFC4}
		{65B0B6D2-94CE-4A21-85E7-A047C79044F9} = {65B0B6D2-94CE-4A21-85E7-A047C79044F9}
		{F6E728D3-A0B2-40F6-9B91-7D4474D778F3} = {F6E728D3-A0B2-40F6-9B91-7D4474D778F3}
		{7EB244E7-D381-4CF4-A2D4-739B81F77588} = {7EB244E7-D381-4CF4-A2D4-739B81F77588}
		{CC29C1F9-A77B-476C-803E-8830F8312571} = {CC29C1F9-A77B-476C-803E-8830F8312571}
		{2844FDFB-A0A1-4FA4-A654-15D69CC717DD} = {2844FDFB-A0A1-4FA4-A654-15D69CC717DD}
		{AEF3DFFE-B566-4E6A-B299-B59B81022C06} = {AEF3DFFE-B566-4E6A-B299-B59B81022C06}
	EndProjectSection
EndProject
Project("{8BC9CEB8-8B4A-11D0-8D11-00A0C91BC942}") = "libexceptions", "libexceptions\libexceptions.vcxproj", "{7D04222B-643C-446C-A2B8-93AF74A86246}"
EndProject
Project("{8BC9CEB8-8B4A-11D0-8D11-00A0C91BC942}") = "libutil", "libutil\libutil.vcxproj", "{8F120666-1A69-4506-8546-0F665E80FFB7}"
	ProjectSection(ProjectDependencies) = postProject
		{7D04222B-643C-446C-A2B8-93AF74A86246} = {7D04222B-643C-446C-A2B8-93AF74A86246}
	EndProjectSection
EndProject
Project("{8BC9CEB8-8B4A-11D0-8D11-00A0C91BC942}") = "libcryptolink", "libcryptolink\libcryptolink.vcxproj", "{13215E3E-E75D-463D-A0EF-93A1C9A20896}"
	ProjectSection(ProjectDependencies) = postProject
		{8F120666-1A69-4506-8546-0F665E80FFB7} = {8F120666-1A69-4506-8546-0F665E80FFB7}
	EndProjectSection
EndProject
Project("{8BC9CEB8-8B4A-11D0-8D11-00A0C91BC942}") = "libdns++", "libdns++\libdns++.vcxproj", "{F6E728D3-A0B2-40F6-9B91-7D4474D778F3}"
	ProjectSection(ProjectDependencies) = postProject
		{13215E3E-E75D-463D-A0EF-93A1C9A20896} = {13215E3E-E75D-463D-A0EF-93A1C9A20896}
	EndProjectSection
EndProject
Project("{8BC9CEB8-8B4A-11D0-8D11-00A0C91BC942}") = "libexceptions_tests", "libexceptions_tests\libexceptions_tests.vcxproj", "{DCF4ED2E-FFD1-4432-AFEF-8D6EC96B79A2}"
	ProjectSection(ProjectDependencies) = postProject
		{7D04222B-643C-446C-A2B8-93AF74A86246} = {7D04222B-643C-446C-A2B8-93AF74A86246}
	EndProjectSection
EndProject
Project("{8BC9CEB8-8B4A-11D0-8D11-00A0C91BC942}") = "libutil_tests", "libutil_tests\libutil_tests.vcxproj", "{2C518972-FF5F-4D33-9D3E-5BCC6357EDD7}"
	ProjectSection(ProjectDependencies) = postProject
		{7D04222B-643C-446C-A2B8-93AF74A86246} = {7D04222B-643C-446C-A2B8-93AF74A86246}
		{8F120666-1A69-4506-8546-0F665E80FFB7} = {8F120666-1A69-4506-8546-0F665E80FFB7}
	EndProjectSection
EndProject
Project("{8BC9CEB8-8B4A-11D0-8D11-00A0C91BC942}") = "libutil_unittests", "libutil_unittests\libutil_unittests.vcxproj", "{2844FDFB-A0A1-4FA4-A654-15D69CC717DD}"
	ProjectSection(ProjectDependencies) = postProject
		{8F120666-1A69-4506-8546-0F665E80FFB7} = {8F120666-1A69-4506-8546-0F665E80FFB7}
	EndProjectSection
EndProject
Project("{8BC9CEB8-8B4A-11D0-8D11-00A0C91BC942}") = "libcryptolink_tests", "libcryptolink_tests\libcryptolink_tests.vcxproj", "{8412D26C-6C2B-4FCC-ABB4-E9509E833951}"
	ProjectSection(ProjectDependencies) = postProject
		{7D04222B-643C-446C-A2B8-93AF74A86246} = {7D04222B-643C-446C-A2B8-93AF74A86246}
		{13215E3E-E75D-463D-A0EF-93A1C9A20896} = {13215E3E-E75D-463D-A0EF-93A1C9A20896}
		{8F120666-1A69-4506-8546-0F665E80FFB7} = {8F120666-1A69-4506-8546-0F665E80FFB7}
	EndProjectSection
EndProject
Project("{8BC9CEB8-8B4A-11D0-8D11-00A0C91BC942}") = "libdns++_tests", "libdns++_tests\libdns++_tests.vcxproj", "{65B0B6D2-94CE-4A21-85E7-A047C79044F9}"
	ProjectSection(ProjectDependencies) = postProject
		{7D04222B-643C-446C-A2B8-93AF74A86246} = {7D04222B-643C-446C-A2B8-93AF74A86246}
		{13215E3E-E75D-463D-A0EF-93A1C9A20896} = {13215E3E-E75D-463D-A0EF-93A1C9A20896}
		{8F120666-1A69-4506-8546-0F665E80FFB7} = {8F120666-1A69-4506-8546-0F665E80FFB7}
		{F6E728D3-A0B2-40F6-9B91-7D4474D778F3} = {F6E728D3-A0B2-40F6-9B91-7D4474D778F3}
		{2844FDFB-A0A1-4FA4-A654-15D69CC717DD} = {2844FDFB-A0A1-4FA4-A654-15D69CC717DD}
	EndProjectSection
EndProject
Project("{8BC9CEB8-8B4A-11D0-8D11-00A0C91BC942}") = "libdns++_python", "libdns++_python\libdns++_python.vcxproj", "{13D541BC-8365-42F7-840F-A117CA0413DD}"
	ProjectSection(ProjectDependencies) = postProject
		{7D04222B-643C-446C-A2B8-93AF74A86246} = {7D04222B-643C-446C-A2B8-93AF74A86246}
		{8F120666-1A69-4506-8546-0F665E80FFB7} = {8F120666-1A69-4506-8546-0F665E80FFB7}
		{F6E728D3-A0B2-40F6-9B91-7D4474D778F3} = {F6E728D3-A0B2-40F6-9B91-7D4474D778F3}
	EndProjectSection
EndProject
Project("{8BC9CEB8-8B4A-11D0-8D11-00A0C91BC942}") = "libcc", "libcc\libcc.vcxproj", "{CC29C1F9-A77B-476C-803E-8830F8312571}"
	ProjectSection(ProjectDependencies) = postProject
		{F6E728D3-A0B2-40F6-9B91-7D4474D778F3} = {F6E728D3-A0B2-40F6-9B91-7D4474D778F3}
	EndProjectSection
EndProject
Project("{8BC9CEB8-8B4A-11D0-8D11-00A0C91BC942}") = "libcc_tests", "libcc_tests\libcc_tests.vcxproj", "{D781E925-FE57-4C75-9E26-BBC102B6A24A}"
	ProjectSection(ProjectDependencies) = postProject
		{7D04222B-643C-446C-A2B8-93AF74A86246} = {7D04222B-643C-446C-A2B8-93AF74A86246}
		{CC29C1F9-A77B-476C-803E-8830F8312571} = {CC29C1F9-A77B-476C-803E-8830F8312571}
	EndProjectSection
EndProject
Project("{8BC9CEB8-8B4A-11D0-8D11-00A0C91BC942}") = "libcfgclient", "libcfgclient\libcfgclient.vcxproj", "{813BA1C9-8CD8-4B06-B1C0-FDAB576AC4B6}"
	ProjectSection(ProjectDependencies) = postProject
		{CC29C1F9-A77B-476C-803E-8830F8312571} = {CC29C1F9-A77B-476C-803E-8830F8312571}
	EndProjectSection
EndProject
Project("{8BC9CEB8-8B4A-11D0-8D11-00A0C91BC942}") = "libcfgclient_tests", "libcfgclient_tests\libcfgclient_tests.vcxproj", "{5D857B14-7763-466C-9D4E-D7C2E57C0E7F}"
	ProjectSection(ProjectDependencies) = postProject
		{7D04222B-643C-446C-A2B8-93AF74A86246} = {7D04222B-643C-446C-A2B8-93AF74A86246}
		{813BA1C9-8CD8-4B06-B1C0-FDAB576AC4B6} = {813BA1C9-8CD8-4B06-B1C0-FDAB576AC4B6}
		{CC29C1F9-A77B-476C-803E-8830F8312571} = {CC29C1F9-A77B-476C-803E-8830F8312571}
	EndProjectSection
EndProject
Project("{8BC9CEB8-8B4A-11D0-8D11-00A0C91BC942}") = "liblog", "liblog\liblog.vcxproj", "{AEF3DFFE-B566-4E6A-B299-B59B81022C06}"
	ProjectSection(ProjectDependencies) = postProject
		{813BA1C9-8CD8-4B06-B1C0-FDAB576AC4B6} = {813BA1C9-8CD8-4B06-B1C0-FDAB576AC4B6}
	EndProjectSection
EndProject
Project("{8BC9CEB8-8B4A-11D0-8D11-00A0C91BC942}") = "liblog_tests", "liblog_tests\liblog_tests.vcxproj", "{9F69DE07-D285-4B5C-8528-DF975C59ED3B}"
	ProjectSection(ProjectDependencies) = postProject
		{8F120666-1A69-4506-8546-0F665E80FFB7} = {8F120666-1A69-4506-8546-0F665E80FFB7}
		{AEF3DFFE-B566-4E6A-B299-B59B81022C06} = {AEF3DFFE-B566-4E6A-B299-B59B81022C06}
	EndProjectSection
EndProject
Project("{8BC9CEB8-8B4A-11D0-8D11-00A0C91BC942}") = "liblog_compiler", "liblog_compiler\liblog_compiler.vcxproj", "{2E64F6CC-3AD9-4DA7-8E05-ABBB83F9AFC4}"
	ProjectSection(ProjectDependencies) = postProject
		{8F120666-1A69-4506-8546-0F665E80FFB7} = {8F120666-1A69-4506-8546-0F665E80FFB7}
		{AEF3DFFE-B566-4E6A-B299-B59B81022C06} = {AEF3DFFE-B566-4E6A-B299-B59B81022C06}
	EndProjectSection
EndProject
Project("{8BC9CEB8-8B4A-11D0-8D11-00A0C91BC942}") = "libasiolink", "libasiolink\libasiolink.vcxproj", "{69048307-9655-4AAA-B07E-B67345C1DEF9}"
	ProjectSection(ProjectDependencies) = postProject
		{AEF3DFFE-B566-4E6A-B299-B59B81022C06} = {AEF3DFFE-B566-4E6A-B299-B59B81022C06}
	EndProjectSection
EndProject
Project("{8BC9CEB8-8B4A-11D0-8D11-00A0C91BC942}") = "libasiolink_tests", "libasiolink_tests\libasiolink_tests.vcxproj", "{6AC4F7A4-9BDC-415F-81DB-6332CACA38B3}"
	ProjectSection(ProjectDependencies) = postProject
		{69048307-9655-4AAA-B07E-B67345C1DEF9} = {69048307-9655-4AAA-B07E-B67345C1DEF9}
		{7D04222B-643C-446C-A2B8-93AF74A86246} = {7D04222B-643C-446C-A2B8-93AF74A86246}
		{F6E728D3-A0B2-40F6-9B91-7D4474D778F3} = {F6E728D3-A0B2-40F6-9B91-7D4474D778F3}
		{AEF3DFFE-B566-4E6A-B299-B59B81022C06} = {AEF3DFFE-B566-4E6A-B299-B59B81022C06}
	EndProjectSection
EndProject
Project("{8BC9CEB8-8B4A-11D0-8D11-00A0C91BC942}") = "libasiodns", "libasiodns\libasiodns.vcxproj", "{7EB244E7-D381-4CF4-A2D4-739B81F77588}"
	ProjectSection(ProjectDependencies) = postProject
		{69048307-9655-4AAA-B07E-B67345C1DEF9} = {69048307-9655-4AAA-B07E-B67345C1DEF9}
	EndProjectSection
EndProject
Project("{8BC9CEB8-8B4A-11D0-8D11-00A0C91BC942}") = "libasiodns_tests", "libasiodns_tests\libasiodns_tests.vcxproj", "{6D55503E-0B43-4273-B6A5-4CEB39E114AC}"
	ProjectSection(ProjectDependencies) = postProject
		{69048307-9655-4AAA-B07E-B67345C1DEF9} = {69048307-9655-4AAA-B07E-B67345C1DEF9}
		{7D04222B-643C-446C-A2B8-93AF74A86246} = {7D04222B-643C-446C-A2B8-93AF74A86246}
		{8F120666-1A69-4506-8546-0F665E80FFB7} = {8F120666-1A69-4506-8546-0F665E80FFB7}
		{F6E728D3-A0B2-40F6-9B91-7D4474D778F3} = {F6E728D3-A0B2-40F6-9B91-7D4474D778F3}
		{7EB244E7-D381-4CF4-A2D4-739B81F77588} = {7EB244E7-D381-4CF4-A2D4-739B81F77588}
		{AEF3DFFE-B566-4E6A-B299-B59B81022C06} = {AEF3DFFE-B566-4E6A-B299-B59B81022C06}
	EndProjectSection
EndProject
Global
	GlobalSection(SolutionConfigurationPlatforms) = preSolution
		Debug|Win32 = Debug|Win32
		Release|Win32 = Release|Win32
	EndGlobalSection
	GlobalSection(ProjectConfigurationPlatforms) = postSolution
		{41B1A417-2276-422A-A054-2691F6E40A54}.Debug|Win32.ActiveCfg = Debug|Win32
		{41B1A417-2276-422A-A054-2691F6E40A54}.Debug|Win32.Build.0 = Debug|Win32
		{41B1A417-2276-422A-A054-2691F6E40A54}.Release|Win32.ActiveCfg = Release|Win32
		{41B1A417-2276-422A-A054-2691F6E40A54}.Release|Win32.Build.0 = Release|Win32
		{7D04222B-643C-446C-A2B8-93AF74A86246}.Debug|Win32.ActiveCfg = Debug|Win32
		{7D04222B-643C-446C-A2B8-93AF74A86246}.Debug|Win32.Build.0 = Debug|Win32
		{7D04222B-643C-446C-A2B8-93AF74A86246}.Release|Win32.ActiveCfg = Release|Win32
		{7D04222B-643C-446C-A2B8-93AF74A86246}.Release|Win32.Build.0 = Release|Win32
		{8F120666-1A69-4506-8546-0F665E80FFB7}.Debug|Win32.ActiveCfg = Debug|Win32
		{8F120666-1A69-4506-8546-0F665E80FFB7}.Debug|Win32.Build.0 = Debug|Win32
		{8F120666-1A69-4506-8546-0F665E80FFB7}.Release|Win32.ActiveCfg = Release|Win32
		{8F120666-1A69-4506-8546-0F665E80FFB7}.Release|Win32.Build.0 = Release|Win32
		{13215E3E-E75D-463D-A0EF-93A1C9A20896}.Debug|Win32.ActiveCfg = Debug|Win32
		{13215E3E-E75D-463D-A0EF-93A1C9A20896}.Debug|Win32.Build.0 = Debug|Win32
		{13215E3E-E75D-463D-A0EF-93A1C9A20896}.Release|Win32.ActiveCfg = Release|Win32
		{13215E3E-E75D-463D-A0EF-93A1C9A20896}.Release|Win32.Build.0 = Release|Win32
		{F6E728D3-A0B2-40F6-9B91-7D4474D778F3}.Debug|Win32.ActiveCfg = Debug|Win32
		{F6E728D3-A0B2-40F6-9B91-7D4474D778F3}.Debug|Win32.Build.0 = Debug|Win32
		{F6E728D3-A0B2-40F6-9B91-7D4474D778F3}.Release|Win32.ActiveCfg = Release|Win32
		{F6E728D3-A0B2-40F6-9B91-7D4474D778F3}.Release|Win32.Build.0 = Release|Win32
		{DCF4ED2E-FFD1-4432-AFEF-8D6EC96B79A2}.Debug|Win32.ActiveCfg = Debug|Win32
		{DCF4ED2E-FFD1-4432-AFEF-8D6EC96B79A2}.Debug|Win32.Build.0 = Debug|Win32
		{DCF4ED2E-FFD1-4432-AFEF-8D6EC96B79A2}.Release|Win32.ActiveCfg = Release|Win32
		{DCF4ED2E-FFD1-4432-AFEF-8D6EC96B79A2}.Release|Win32.Build.0 = Release|Win32
		{2C518972-FF5F-4D33-9D3E-5BCC6357EDD7}.Debug|Win32.ActiveCfg = Debug|Win32
		{2C518972-FF5F-4D33-9D3E-5BCC6357EDD7}.Debug|Win32.Build.0 = Debug|Win32
		{2C518972-FF5F-4D33-9D3E-5BCC6357EDD7}.Release|Win32.ActiveCfg = Release|Win32
		{2C518972-FF5F-4D33-9D3E-5BCC6357EDD7}.Release|Win32.Build.0 = Release|Win32
		{2844FDFB-A0A1-4FA4-A654-15D69CC717DD}.Debug|Win32.ActiveCfg = Debug|Win32
		{2844FDFB-A0A1-4FA4-A654-15D69CC717DD}.Debug|Win32.Build.0 = Debug|Win32
		{2844FDFB-A0A1-4FA4-A654-15D69CC717DD}.Release|Win32.ActiveCfg = Release|Win32
		{2844FDFB-A0A1-4FA4-A654-15D69CC717DD}.Release|Win32.Build.0 = Release|Win32
		{8412D26C-6C2B-4FCC-ABB4-E9509E833951}.Debug|Win32.ActiveCfg = Debug|Win32
		{8412D26C-6C2B-4FCC-ABB4-E9509E833951}.Debug|Win32.Build.0 = Debug|Win32
		{8412D26C-6C2B-4FCC-ABB4-E9509E833951}.Release|Win32.ActiveCfg = Release|Win32
		{8412D26C-6C2B-4FCC-ABB4-E9509E833951}.Release|Win32.Build.0 = Release|Win32
		{65B0B6D2-94CE-4A21-85E7-A047C79044F9}.Debug|Win32.ActiveCfg = Debug|Win32
		{65B0B6D2-94CE-4A21-85E7-A047C79044F9}.Debug|Win32.Build.0 = Debug|Win32
		{65B0B6D2-94CE-4A21-85E7-A047C79044F9}.Release|Win32.ActiveCfg = Release|Win32
		{65B0B6D2-94CE-4A21-85E7-A047C79044F9}.Release|Win32.Build.0 = Release|Win32
		{13D541BC-8365-42F7-840F-A117CA0413DD}.Debug|Win32.ActiveCfg = Debug|Win32
		{13D541BC-8365-42F7-840F-A117CA0413DD}.Debug|Win32.Build.0 = Debug|Win32
		{13D541BC-8365-42F7-840F-A117CA0413DD}.Release|Win32.ActiveCfg = Release|Win32
		{13D541BC-8365-42F7-840F-A117CA0413DD}.Release|Win32.Build.0 = Release|Win32
		{CC29C1F9-A77B-476C-803E-8830F8312571}.Debug|Win32.ActiveCfg = Debug|Win32
		{CC29C1F9-A77B-476C-803E-8830F8312571}.Debug|Win32.Build.0 = Debug|Win32
		{CC29C1F9-A77B-476C-803E-8830F8312571}.Release|Win32.ActiveCfg = Release|Win32
		{CC29C1F9-A77B-476C-803E-8830F8312571}.Release|Win32.Build.0 = Release|Win32
		{D781E925-FE57-4C75-9E26-BBC102B6A24A}.Debug|Win32.ActiveCfg = Debug|Win32
		{D781E925-FE57-4C75-9E26-BBC102B6A24A}.Debug|Win32.Build.0 = Debug|Win32
		{D781E925-FE57-4C75-9E26-BBC102B6A24A}.Release|Win32.ActiveCfg = Release|Win32
		{D781E925-FE57-4C75-9E26-BBC102B6A24A}.Release|Win32.Build.0 = Release|Win32
		{813BA1C9-8CD8-4B06-B1C0-FDAB576AC4B6}.Debug|Win32.ActiveCfg = Debug|Win32
		{813BA1C9-8CD8-4B06-B1C0-FDAB576AC4B6}.Debug|Win32.Build.0 = Debug|Win32
		{813BA1C9-8CD8-4B06-B1C0-FDAB576AC4B6}.Release|Win32.ActiveCfg = Release|Win32
		{813BA1C9-8CD8-4B06-B1C0-FDAB576AC4B6}.Release|Win32.Build.0 = Release|Win32
		{5D857B14-7763-466C-9D4E-D7C2E57C0E7F}.Debug|Win32.ActiveCfg = Debug|Win32
		{5D857B14-7763-466C-9D4E-D7C2E57C0E7F}.Debug|Win32.Build.0 = Debug|Win32
		{5D857B14-7763-466C-9D4E-D7C2E57C0E7F}.Release|Win32.ActiveCfg = Release|Win32
		{5D857B14-7763-466C-9D4E-D7C2E57C0E7F}.Release|Win32.Build.0 = Release|Win32
		{AEF3DFFE-B566-4E6A-B299-B59B81022C06}.Debug|Win32.ActiveCfg = Debug|Win32
		{AEF3DFFE-B566-4E6A-B299-B59B81022C06}.Debug|Win32.Build.0 = Debug|Win32
		{AEF3DFFE-B566-4E6A-B299-B59B81022C06}.Release|Win32.ActiveCfg = Release|Win32
		{AEF3DFFE-B566-4E6A-B299-B59B81022C06}.Release|Win32.Build.0 = Release|Win32
		{9F69DE07-D285-4B5C-8528-DF975C59ED3B}.Debug|Win32.ActiveCfg = Debug|Win32
		{9F69DE07-D285-4B5C-8528-DF975C59ED3B}.Debug|Win32.Build.0 = Debug|Win32
		{9F69DE07-D285-4B5C-8528-DF975C59ED3B}.Release|Win32.ActiveCfg = Release|Win32
		{9F69DE07-D285-4B5C-8528-DF975C59ED3B}.Release|Win32.Build.0 = Release|Win32
		{2E64F6CC-3AD9-4DA7-8E05-ABBB83F9AFC4}.Debug|Win32.ActiveCfg = Debug|Win32
		{2E64F6CC-3AD9-4DA7-8E05-ABBB83F9AFC4}.Debug|Win32.Build.0 = Debug|Win32
		{2E64F6CC-3AD9-4DA7-8E05-ABBB83F9AFC4}.Release|Win32.ActiveCfg = Release|Win32
		{2E64F6CC-3AD9-4DA7-8E05-ABBB83F9AFC4}.Release|Win32.Build.0 = Release|Win32
		{69048307-9655-4AAA-B07E-B67345C1DEF9}.Debug|Win32.ActiveCfg = Debug|Win32
		{69048307-9655-4AAA-B07E-B67345C1DEF9}.Debug|Win32.Build.0 = Debug|Win32
		{69048307-9655-4AAA-B07E-B67345C1DEF9}.Release|Win32.ActiveCfg = Release|Win32
		{69048307-9655-4AAA-B07E-B67345C1DEF9}.Release|Win32.Build.0 = Release|Win32
		{6AC4F7A4-9BDC-415F-81DB-6332CACA38B3}.Debug|Win32.ActiveCfg = Debug|Win32
		{6AC4F7A4-9BDC-415F-81DB-6332CACA38B3}.Debug|Win32.Build.0 = Debug|Win32
		{6AC4F7A4-9BDC-415F-81DB-6332CACA38B3}.Release|Win32.ActiveCfg = Release|Win32
		{6AC4F7A4-9BDC-415F-81DB-6332CACA38B3}.Release|Win32.Build.0 = Release|Win32
		{7EB244E7-D381-4CF4-A2D4-739B81F77588}.Debug|Win32.ActiveCfg = Debug|Win32
		{7EB244E7-D381-4CF4-A2D4-739B81F77588}.Debug|Win32.Build.0 = Debug|Win32
		{7EB244E7-D381-4CF4-A2D4-739B81F77588}.Release|Win32.ActiveCfg = Release|Win32
		{7EB244E7-D381-4CF4-A2D4-739B81F77588}.Release|Win32.Build.0 = Release|Win32
		{6D55503E-0B43-4273-B6A5-4CEB39E114AC}.Debug|Win32.ActiveCfg = Debug|Win32
		{6D55503E-0B43-4273-B6A5-4CEB39E114AC}.Debug|Win32.Build.0 = Debug|Win32
		{6D55503E-0B43-4273-B6A5-4CEB39E114AC}.Release|Win32.ActiveCfg = Release|Win32
		{6D55503E-0B43-4273-B6A5-4CEB39E114AC}.Release|Win32.Build.0 = Release|Win32
	EndGlobalSection
	GlobalSection(SolutionProperties) = preSolution
		HideSolutionNode = FALSE
	EndGlobalSection
EndGlobal
