
Microsoft Visual Studio Solution File, Format Version 11.00
# Visual C++ Express 2010
Project("{8BC9CEB8-8B4A-11D0-8D11-00A0C91BC942}") = "BINDInstall", "BINDInstall\BINDInstall.vcxproj", "{41B1A417-2276-422A-A054-2691F6E40A54}"
	ProjectSection(ProjectDependencies) = postProject
		{69048307-9655-4AAA-B07E-B67345C1DEF9} = {69048307-9655-4AAA-B07E-B67345C1DEF9}
		{9F69DE07-D285-4B5C-8528-DF975C59ED3B} = {9F69DE07-D285-4B5C-8528-DF975C59ED3B}
		{3FFD260A-C606-49D1-A34F-74B78D8DC76F} = {3FFD260A-C606-49D1-A34F-74B78D8DC76F}
		{4D551D14-3C0F-4554-B20C-4B600249E42A} = {4D551D14-3C0F-4554-B20C-4B600249E42A}
		{5D857B14-7763-466C-9D4E-D7C2E57C0E7F} = {5D857B14-7763-466C-9D4E-D7C2E57C0E7F}
		{32624520-5341-471B-B88D-2599DBCDABF5} = {32624520-5341-471B-B88D-2599DBCDABF5}
		{D781E925-FE57-4C75-9E26-BBC102B6A24A} = {D781E925-FE57-4C75-9E26-BBC102B6A24A}
		{7D04222B-643C-446C-A2B8-93AF74A86246} = {7D04222B-643C-446C-A2B8-93AF74A86246}
		{DCF4ED2E-FFD1-4432-AFEF-8D6EC96B79A2} = {DCF4ED2E-FFD1-4432-AFEF-8D6EC96B79A2}
		{6D55503E-0B43-4273-B6A5-4CEB39E114AC} = {6D55503E-0B43-4273-B6A5-4CEB39E114AC}
		{13215E3E-E75D-463D-A0EF-93A1C9A20896} = {13215E3E-E75D-463D-A0EF-93A1C9A20896}
		{67046450-CCEA-4CAC-A05B-17516F3FB540} = {67046450-CCEA-4CAC-A05B-17516F3FB540}
		{55BCB364-62B0-4F93-8B88-38F3349B22C8} = {55BCB364-62B0-4F93-8B88-38F3349B22C8}
		{8F120666-1A69-4506-8546-0F665E80FFB7} = {8F120666-1A69-4506-8546-0F665E80FFB7}
		{8412D26C-6C2B-4FCC-ABB4-E9509E833951} = {8412D26C-6C2B-4FCC-ABB4-E9509E833951}
		{DC86E86E-BB80-4C93-8A1F-E409C1FA38D2} = {DC86E86E-BB80-4C93-8A1F-E409C1FA38D2}
		{2C518972-FF5F-4D33-9D3E-5BCC6357EDD7} = {2C518972-FF5F-4D33-9D3E-5BCC6357EDD7}
		{F8616086-9CE9-4F32-BC97-8494EADAEC6F} = {F8616086-9CE9-4F32-BC97-8494EADAEC6F}
		{761E7D88-6CCB-4E41-9F1E-6C1FBBD062F5} = {761E7D88-6CCB-4E41-9F1E-6C1FBBD062F5}
		{6280D58A-5E05-45D1-8B79-DF677C114CD4} = {6280D58A-5E05-45D1-8B79-DF677C114CD4}
		{D09B618B-D0E4-468D-A4BD-E204B4344C18} = {D09B618B-D0E4-468D-A4BD-E204B4344C18}
		{6AC4F7A4-9BDC-415F-81DB-6332CACA38B3} = {6AC4F7A4-9BDC-415F-81DB-6332CACA38B3}
		{B5D971AD-D95B-4A15-9E31-38AEF4F69627} = {B5D971AD-D95B-4A15-9E31-38AEF4F69627}
		{805598B5-9E7E-4CB1-952C-C0060FBE630D} = {805598B5-9E7E-4CB1-952C-C0060FBE630D}
		{0723DEB6-E2C3-4082-91E5-0F8F4B0649F6} = {0723DEB6-E2C3-4082-91E5-0F8F4B0649F6}
		{13D541BC-8365-42F7-840F-A117CA0413DD} = {13D541BC-8365-42F7-840F-A117CA0413DD}
		{813BA1C9-8CD8-4B06-B1C0-FDAB576AC4B6} = {813BA1C9-8CD8-4B06-B1C0-FDAB576AC4B6}
		{FEFFE0CB-CD6B-4E61-854C-39506D6DCD5D} = {FEFFE0CB-CD6B-4E61-854C-39506D6DCD5D}
		{2E64F6CC-3AD9-4DA7-8E05-ABBB83F9AFC4} = {2E64F6CC-3AD9-4DA7-8E05-ABBB83F9AFC4}
		{AC4806D1-C2CC-444B-8F0D-209851A969D2} = {AC4806D1-C2CC-444B-8F0D-209851A969D2}
		{65B0B6D2-94CE-4A21-85E7-A047C79044F9} = {65B0B6D2-94CE-4A21-85E7-A047C79044F9}
		{F6E728D3-A0B2-40F6-9B91-7D4474D778F3} = {F6E728D3-A0B2-40F6-9B91-7D4474D778F3}
		{564B0ADE-76A4-4833-9610-8DEEA6A15423} = {564B0ADE-76A4-4833-9610-8DEEA6A15423}
		{7EB244E7-D381-4CF4-A2D4-739B81F77588} = {7EB244E7-D381-4CF4-A2D4-739B81F77588}
		{66C9A5EC-514B-4BDC-AC74-ED4CB465CAAF} = {66C9A5EC-514B-4BDC-AC74-ED4CB465CAAF}
		{C7DEAFEC-423B-486D-BBD8-896B0DE69DDE} = {C7DEAFEC-423B-486D-BBD8-896B0DE69DDE}
		{9C5774EF-E833-4150-8B7A-B6082D879775} = {9C5774EF-E833-4150-8B7A-B6082D879775}
		{7B80F6F0-E0CD-40D3-87B7-95C2EA2581BA} = {7B80F6F0-E0CD-40D3-87B7-95C2EA2581BA}
		{CC29C1F9-A77B-476C-803E-8830F8312571} = {CC29C1F9-A77B-476C-803E-8830F8312571}
		{2844FDFB-A0A1-4FA4-A654-15D69CC717DD} = {2844FDFB-A0A1-4FA4-A654-15D69CC717DD}
		{AEF3DFFE-B566-4E6A-B299-B59B81022C06} = {AEF3DFFE-B566-4E6A-B299-B59B81022C06}
	EndProjectSection
EndProject
Project("{8BC9CEB8-8B4A-11D0-8D11-00A0C91BC942}") = "libexceptions", "libexceptions\libexceptions.vcxproj", "{7D04222B-643C-446C-A2B8-93AF74A86246}"
EndProject
Project("{8BC9CEB8-8B4A-11D0-8D11-00A0C91BC942}") = "libutil", "libutil\libutil.vcxproj", "{8F120666-1A69-4506-8546-0F665E80FFB7}"
	ProjectSection(ProjectDependencies) = postProject
		{7D04222B-643C-446C-A2B8-93AF74A86246} = {7D04222B-643C-446C-A2B8-93AF74A86246}
	EndProjectSection
EndProject
Project("{8BC9CEB8-8B4A-11D0-8D11-00A0C91BC942}") = "libcryptolink", "libcryptolink\libcryptolink.vcxproj", "{13215E3E-E75D-463D-A0EF-93A1C9A20896}"
	ProjectSection(ProjectDependencies) = postProject
		{AC4806D1-C2CC-444B-8F0D-209851A969D2} = {AC4806D1-C2CC-444B-8F0D-209851A969D2}
	EndProjectSection
EndProject
Project("{8BC9CEB8-8B4A-11D0-8D11-00A0C91BC942}") = "libdns++", "libdns++\libdns++.vcxproj", "{F6E728D3-A0B2-40F6-9B91-7D4474D778F3}"
	ProjectSection(ProjectDependencies) = postProject
		{13215E3E-E75D-463D-A0EF-93A1C9A20896} = {13215E3E-E75D-463D-A0EF-93A1C9A20896}
	EndProjectSection
EndProject
Project("{8BC9CEB8-8B4A-11D0-8D11-00A0C91BC942}") = "libexceptions_tests", "libexceptions_tests\libexceptions_tests.vcxproj", "{DCF4ED2E-FFD1-4432-AFEF-8D6EC96B79A2}"
	ProjectSection(ProjectDependencies) = postProject
		{7D04222B-643C-446C-A2B8-93AF74A86246} = {7D04222B-643C-446C-A2B8-93AF74A86246}
	EndProjectSection
EndProject
Project("{8BC9CEB8-8B4A-11D0-8D11-00A0C91BC942}") = "libutil_tests", "libutil_tests\libutil_tests.vcxproj", "{2C518972-FF5F-4D33-9D3E-5BCC6357EDD7}"
	ProjectSection(ProjectDependencies) = postProject
		{7D04222B-643C-446C-A2B8-93AF74A86246} = {7D04222B-643C-446C-A2B8-93AF74A86246}
		{8F120666-1A69-4506-8546-0F665E80FFB7} = {8F120666-1A69-4506-8546-0F665E80FFB7}
	EndProjectSection
EndProject
Project("{8BC9CEB8-8B4A-11D0-8D11-00A0C91BC942}") = "libutil_unittests", "libutil_unittests\libutil_unittests.vcxproj", "{2844FDFB-A0A1-4FA4-A654-15D69CC717DD}"
	ProjectSection(ProjectDependencies) = postProject
		{8F120666-1A69-4506-8546-0F665E80FFB7} = {8F120666-1A69-4506-8546-0F665E80FFB7}
	EndProjectSection
EndProject
Project("{8BC9CEB8-8B4A-11D0-8D11-00A0C91BC942}") = "libcryptolink_tests", "libcryptolink_tests\libcryptolink_tests.vcxproj", "{8412D26C-6C2B-4FCC-ABB4-E9509E833951}"
	ProjectSection(ProjectDependencies) = postProject
		{7D04222B-643C-446C-A2B8-93AF74A86246} = {7D04222B-643C-446C-A2B8-93AF74A86246}
		{13215E3E-E75D-463D-A0EF-93A1C9A20896} = {13215E3E-E75D-463D-A0EF-93A1C9A20896}
		{8F120666-1A69-4506-8546-0F665E80FFB7} = {8F120666-1A69-4506-8546-0F665E80FFB7}
	EndProjectSection
EndProject
Project("{8BC9CEB8-8B4A-11D0-8D11-00A0C91BC942}") = "libdns++_tests", "libdns++_tests\libdns++_tests.vcxproj", "{65B0B6D2-94CE-4A21-85E7-A047C79044F9}"
	ProjectSection(ProjectDependencies) = postProject
		{7D04222B-643C-446C-A2B8-93AF74A86246} = {7D04222B-643C-446C-A2B8-93AF74A86246}
		{13215E3E-E75D-463D-A0EF-93A1C9A20896} = {13215E3E-E75D-463D-A0EF-93A1C9A20896}
		{8F120666-1A69-4506-8546-0F665E80FFB7} = {8F120666-1A69-4506-8546-0F665E80FFB7}
		{F6E728D3-A0B2-40F6-9B91-7D4474D778F3} = {F6E728D3-A0B2-40F6-9B91-7D4474D778F3}
		{2844FDFB-A0A1-4FA4-A654-15D69CC717DD} = {2844FDFB-A0A1-4FA4-A654-15D69CC717DD}
	EndProjectSection
EndProject
Project("{8BC9CEB8-8B4A-11D0-8D11-00A0C91BC942}") = "libdns++_python", "libdns++_python\libdns++_python.vcxproj", "{13D541BC-8365-42F7-840F-A117CA0413DD}"
	ProjectSection(ProjectDependencies) = postProject
		{7D04222B-643C-446C-A2B8-93AF74A86246} = {7D04222B-643C-446C-A2B8-93AF74A86246}
		{8F120666-1A69-4506-8546-0F665E80FFB7} = {8F120666-1A69-4506-8546-0F665E80FFB7}
		{F6E728D3-A0B2-40F6-9B91-7D4474D778F3} = {F6E728D3-A0B2-40F6-9B91-7D4474D778F3}
	EndProjectSection
EndProject
Project("{8BC9CEB8-8B4A-11D0-8D11-00A0C91BC942}") = "libcc", "libcc\libcc.vcxproj", "{CC29C1F9-A77B-476C-803E-8830F8312571}"
	ProjectSection(ProjectDependencies) = postProject
		{F6E728D3-A0B2-40F6-9B91-7D4474D778F3} = {F6E728D3-A0B2-40F6-9B91-7D4474D778F3}
	EndProjectSection
EndProject
Project("{8BC9CEB8-8B4A-11D0-8D11-00A0C91BC942}") = "libcc_tests", "libcc_tests\libcc_tests.vcxproj", "{D781E925-FE57-4C75-9E26-BBC102B6A24A}"
	ProjectSection(ProjectDependencies) = postProject
		{7D04222B-643C-446C-A2B8-93AF74A86246} = {7D04222B-643C-446C-A2B8-93AF74A86246}
		{CC29C1F9-A77B-476C-803E-8830F8312571} = {CC29C1F9-A77B-476C-803E-8830F8312571}
	EndProjectSection
EndProject
Project("{8BC9CEB8-8B4A-11D0-8D11-00A0C91BC942}") = "libcfgclient", "libcfgclient\libcfgclient.vcxproj", "{813BA1C9-8CD8-4B06-B1C0-FDAB576AC4B6}"
	ProjectSection(ProjectDependencies) = postProject
		{CC29C1F9-A77B-476C-803E-8830F8312571} = {CC29C1F9-A77B-476C-803E-8830F8312571}
	EndProjectSection
EndProject
Project("{8BC9CEB8-8B4A-11D0-8D11-00A0C91BC942}") = "libcfgclient_tests", "libcfgclient_tests\libcfgclient_tests.vcxproj", "{5D857B14-7763-466C-9D4E-D7C2E57C0E7F}"
	ProjectSection(ProjectDependencies) = postProject
		{7D04222B-643C-446C-A2B8-93AF74A86246} = {7D04222B-643C-446C-A2B8-93AF74A86246}
		{813BA1C9-8CD8-4B06-B1C0-FDAB576AC4B6} = {813BA1C9-8CD8-4B06-B1C0-FDAB576AC4B6}
		{CC29C1F9-A77B-476C-803E-8830F8312571} = {CC29C1F9-A77B-476C-803E-8830F8312571}
	EndProjectSection
EndProject
Project("{8BC9CEB8-8B4A-11D0-8D11-00A0C91BC942}") = "liblog", "liblog\liblog.vcxproj", "{AEF3DFFE-B566-4E6A-B299-B59B81022C06}"
	ProjectSection(ProjectDependencies) = postProject
		{DC86E86E-BB80-4C93-8A1F-E409C1FA38D2} = {DC86E86E-BB80-4C93-8A1F-E409C1FA38D2}
	EndProjectSection
EndProject
Project("{8BC9CEB8-8B4A-11D0-8D11-00A0C91BC942}") = "liblog_tests", "liblog_tests\liblog_tests.vcxproj", "{9F69DE07-D285-4B5C-8528-DF975C59ED3B}"
	ProjectSection(ProjectDependencies) = postProject
		{8F120666-1A69-4506-8546-0F665E80FFB7} = {8F120666-1A69-4506-8546-0F665E80FFB7}
		{AEF3DFFE-B566-4E6A-B299-B59B81022C06} = {AEF3DFFE-B566-4E6A-B299-B59B81022C06}
	EndProjectSection
EndProject
Project("{8BC9CEB8-8B4A-11D0-8D11-00A0C91BC942}") = "liblog_compiler", "liblog_compiler\liblog_compiler.vcxproj", "{2E64F6CC-3AD9-4DA7-8E05-ABBB83F9AFC4}"
	ProjectSection(ProjectDependencies) = postProject
		{8F120666-1A69-4506-8546-0F665E80FFB7} = {8F120666-1A69-4506-8546-0F665E80FFB7}
		{AEF3DFFE-B566-4E6A-B299-B59B81022C06} = {AEF3DFFE-B566-4E6A-B299-B59B81022C06}
	EndProjectSection
EndProject
Project("{8BC9CEB8-8B4A-11D0-8D11-00A0C91BC942}") = "libasiolink", "libasiolink\libasiolink.vcxproj", "{69048307-9655-4AAA-B07E-B67345C1DEF9}"
	ProjectSection(ProjectDependencies) = postProject
		{AEF3DFFE-B566-4E6A-B299-B59B81022C06} = {AEF3DFFE-B566-4E6A-B299-B59B81022C06}
	EndProjectSection
EndProject
Project("{8BC9CEB8-8B4A-11D0-8D11-00A0C91BC942}") = "libasiolink_tests", "libasiolink_tests\libasiolink_tests.vcxproj", "{6AC4F7A4-9BDC-415F-81DB-6332CACA38B3}"
	ProjectSection(ProjectDependencies) = postProject
		{69048307-9655-4AAA-B07E-B67345C1DEF9} = {69048307-9655-4AAA-B07E-B67345C1DEF9}
		{7D04222B-643C-446C-A2B8-93AF74A86246} = {7D04222B-643C-446C-A2B8-93AF74A86246}
		{F6E728D3-A0B2-40F6-9B91-7D4474D778F3} = {F6E728D3-A0B2-40F6-9B91-7D4474D778F3}
		{AEF3DFFE-B566-4E6A-B299-B59B81022C06} = {AEF3DFFE-B566-4E6A-B299-B59B81022C06}
	EndProjectSection
EndProject
Project("{8BC9CEB8-8B4A-11D0-8D11-00A0C91BC942}") = "libasiodns", "libasiodns\libasiodns.vcxproj", "{7EB244E7-D381-4CF4-A2D4-739B81F77588}"
	ProjectSection(ProjectDependencies) = postProject
		{69048307-9655-4AAA-B07E-B67345C1DEF9} = {69048307-9655-4AAA-B07E-B67345C1DEF9}
	EndProjectSection
EndProject
Project("{8BC9CEB8-8B4A-11D0-8D11-00A0C91BC942}") = "libasiodns_tests", "libasiodns_tests\libasiodns_tests.vcxproj", "{6D55503E-0B43-4273-B6A5-4CEB39E114AC}"
	ProjectSection(ProjectDependencies) = postProject
		{69048307-9655-4AAA-B07E-B67345C1DEF9} = {69048307-9655-4AAA-B07E-B67345C1DEF9}
		{7D04222B-643C-446C-A2B8-93AF74A86246} = {7D04222B-643C-446C-A2B8-93AF74A86246}
		{8F120666-1A69-4506-8546-0F665E80FFB7} = {8F120666-1A69-4506-8546-0F665E80FFB7}
		{F6E728D3-A0B2-40F6-9B91-7D4474D778F3} = {F6E728D3-A0B2-40F6-9B91-7D4474D778F3}
		{7EB244E7-D381-4CF4-A2D4-739B81F77588} = {7EB244E7-D381-4CF4-A2D4-739B81F77588}
		{AEF3DFFE-B566-4E6A-B299-B59B81022C06} = {AEF3DFFE-B566-4E6A-B299-B59B81022C06}
	EndProjectSection
EndProject
Project("{8BC9CEB8-8B4A-11D0-8D11-00A0C91BC942}") = "libnsas", "libnsas\libnsas.vcxproj", "{67046450-CCEA-4CAC-A05B-17516F3FB540}"
	ProjectSection(ProjectDependencies) = postProject
		{7EB244E7-D381-4CF4-A2D4-739B81F77588} = {7EB244E7-D381-4CF4-A2D4-739B81F77588}
	EndProjectSection
EndProject
Project("{8BC9CEB8-8B4A-11D0-8D11-00A0C91BC942}") = "libnsas_tests", "libnsas_tests\libnsas_tests.vcxproj", "{B5D971AD-D95B-4A15-9E31-38AEF4F69627}"
	ProjectSection(ProjectDependencies) = postProject
		{69048307-9655-4AAA-B07E-B67345C1DEF9} = {69048307-9655-4AAA-B07E-B67345C1DEF9}
		{7D04222B-643C-446C-A2B8-93AF74A86246} = {7D04222B-643C-446C-A2B8-93AF74A86246}
		{67046450-CCEA-4CAC-A05B-17516F3FB540} = {67046450-CCEA-4CAC-A05B-17516F3FB540}
		{8F120666-1A69-4506-8546-0F665E80FFB7} = {8F120666-1A69-4506-8546-0F665E80FFB7}
		{F6E728D3-A0B2-40F6-9B91-7D4474D778F3} = {F6E728D3-A0B2-40F6-9B91-7D4474D778F3}
	EndProjectSection
EndProject
Project("{8BC9CEB8-8B4A-11D0-8D11-00A0C91BC942}") = "libcache", "libcache\libcache.vcxproj", "{F8616086-9CE9-4F32-BC97-8494EADAEC6F}"
	ProjectSection(ProjectDependencies) = postProject
		{67046450-CCEA-4CAC-A05B-17516F3FB540} = {67046450-CCEA-4CAC-A05B-17516F3FB540}
	EndProjectSection
EndProject
Project("{8BC9CEB8-8B4A-11D0-8D11-00A0C91BC942}") = "libcache_tests", "libcache_tests\libcache_tests.vcxproj", "{7B80F6F0-E0CD-40D3-87B7-95C2EA2581BA}"
	ProjectSection(ProjectDependencies) = postProject
		{69048307-9655-4AAA-B07E-B67345C1DEF9} = {69048307-9655-4AAA-B07E-B67345C1DEF9}
		{7D04222B-643C-446C-A2B8-93AF74A86246} = {7D04222B-643C-446C-A2B8-93AF74A86246}
		{67046450-CCEA-4CAC-A05B-17516F3FB540} = {67046450-CCEA-4CAC-A05B-17516F3FB540}
		{8F120666-1A69-4506-8546-0F665E80FFB7} = {8F120666-1A69-4506-8546-0F665E80FFB7}
		{F8616086-9CE9-4F32-BC97-8494EADAEC6F} = {F8616086-9CE9-4F32-BC97-8494EADAEC6F}
		{F6E728D3-A0B2-40F6-9B91-7D4474D778F3} = {F6E728D3-A0B2-40F6-9B91-7D4474D778F3}
	EndProjectSection
EndProject
Project("{8BC9CEB8-8B4A-11D0-8D11-00A0C91BC942}") = "libresolve", "libresolve\libresolve.vcxproj", "{3FFD260A-C606-49D1-A34F-74B78D8DC76F}"
	ProjectSection(ProjectDependencies) = postProject
		{F8616086-9CE9-4F32-BC97-8494EADAEC6F} = {F8616086-9CE9-4F32-BC97-8494EADAEC6F}
	EndProjectSection
EndProject
Project("{8BC9CEB8-8B4A-11D0-8D11-00A0C91BC942}") = "libresolve_tests", "libresolve_tests\libresolve_tests.vcxproj", "{9C5774EF-E833-4150-8B7A-B6082D879775}"
	ProjectSection(ProjectDependencies) = postProject
		{69048307-9655-4AAA-B07E-B67345C1DEF9} = {69048307-9655-4AAA-B07E-B67345C1DEF9}
		{3FFD260A-C606-49D1-A34F-74B78D8DC76F} = {3FFD260A-C606-49D1-A34F-74B78D8DC76F}
		{7D04222B-643C-446C-A2B8-93AF74A86246} = {7D04222B-643C-446C-A2B8-93AF74A86246}
		{67046450-CCEA-4CAC-A05B-17516F3FB540} = {67046450-CCEA-4CAC-A05B-17516F3FB540}
		{8F120666-1A69-4506-8546-0F665E80FFB7} = {8F120666-1A69-4506-8546-0F665E80FFB7}
		{F8616086-9CE9-4F32-BC97-8494EADAEC6F} = {F8616086-9CE9-4F32-BC97-8494EADAEC6F}
		{F6E728D3-A0B2-40F6-9B91-7D4474D778F3} = {F6E728D3-A0B2-40F6-9B91-7D4474D778F3}
		{7EB244E7-D381-4CF4-A2D4-739B81F77588} = {7EB244E7-D381-4CF4-A2D4-739B81F77588}
		{AEF3DFFE-B566-4E6A-B299-B59B81022C06} = {AEF3DFFE-B566-4E6A-B299-B59B81022C06}
	EndProjectSection
EndProject
Project("{8BC9CEB8-8B4A-11D0-8D11-00A0C91BC942}") = "libtestutils", "libtestutils\libtestutils.vcxproj", "{55BCB364-62B0-4F93-8B88-38F3349B22C8}"
	ProjectSection(ProjectDependencies) = postProject
		{3FFD260A-C606-49D1-A34F-74B78D8DC76F} = {3FFD260A-C606-49D1-A34F-74B78D8DC76F}
	EndProjectSection
EndProject
Project("{8BC9CEB8-8B4A-11D0-8D11-00A0C91BC942}") = "libdatasrc", "libdatasrc\libdatasrc.vcxproj", "{32624520-5341-471B-B88D-2599DBCDABF5}"
	ProjectSection(ProjectDependencies) = postProject
		{55BCB364-62B0-4F93-8B88-38F3349B22C8} = {55BCB364-62B0-4F93-8B88-38F3349B22C8}
	EndProjectSection
EndProject
Project("{8BC9CEB8-8B4A-11D0-8D11-00A0C91BC942}") = "libdatasrc_tests", "libdatasrc_tests\libdatasrc_tests.vcxproj", "{4D551D14-3C0F-4554-B20C-4B600249E42A}"
	ProjectSection(ProjectDependencies) = postProject
		{32624520-5341-471B-B88D-2599DBCDABF5} = {32624520-5341-471B-B88D-2599DBCDABF5}
		{7D04222B-643C-446C-A2B8-93AF74A86246} = {7D04222B-643C-446C-A2B8-93AF74A86246}
		{55BCB364-62B0-4F93-8B88-38F3349B22C8} = {55BCB364-62B0-4F93-8B88-38F3349B22C8}
		{8F120666-1A69-4506-8546-0F665E80FFB7} = {8F120666-1A69-4506-8546-0F665E80FFB7}
		{F6E728D3-A0B2-40F6-9B91-7D4474D778F3} = {F6E728D3-A0B2-40F6-9B91-7D4474D778F3}
		{CC29C1F9-A77B-476C-803E-8830F8312571} = {CC29C1F9-A77B-476C-803E-8830F8312571}
	EndProjectSection
EndProject
Project("{8BC9CEB8-8B4A-11D0-8D11-00A0C91BC942}") = "libserver_common", "libserver_common\libserver_common.vcxproj", "{66C9A5EC-514B-4BDC-AC74-ED4CB465CAAF}"
	ProjectSection(ProjectDependencies) = postProject
		{32624520-5341-471B-B88D-2599DBCDABF5} = {32624520-5341-471B-B88D-2599DBCDABF5}
	EndProjectSection
EndProject
Project("{8BC9CEB8-8B4A-11D0-8D11-00A0C91BC942}") = "libserver_common_tests", "libserver_common_tests\libserver_common_tests.vcxproj", "{D09B618B-D0E4-468D-A4BD-E204B4344C18}"
	ProjectSection(ProjectDependencies) = postProject
		{69048307-9655-4AAA-B07E-B67345C1DEF9} = {69048307-9655-4AAA-B07E-B67345C1DEF9}
		{7D04222B-643C-446C-A2B8-93AF74A86246} = {7D04222B-643C-446C-A2B8-93AF74A86246}
		{8F120666-1A69-4506-8546-0F665E80FFB7} = {8F120666-1A69-4506-8546-0F665E80FFB7}
		{F6E728D3-A0B2-40F6-9B91-7D4474D778F3} = {F6E728D3-A0B2-40F6-9B91-7D4474D778F3}
		{7EB244E7-D381-4CF4-A2D4-739B81F77588} = {7EB244E7-D381-4CF4-A2D4-739B81F77588}
		{66C9A5EC-514B-4BDC-AC74-ED4CB465CAAF} = {66C9A5EC-514B-4BDC-AC74-ED4CB465CAAF}
		{CC29C1F9-A77B-476C-803E-8830F8312571} = {CC29C1F9-A77B-476C-803E-8830F8312571}
		{AEF3DFFE-B566-4E6A-B299-B59B81022C06} = {AEF3DFFE-B566-4E6A-B299-B59B81022C06}
	EndProjectSection
EndProject
Project("{8BC9CEB8-8B4A-11D0-8D11-00A0C91BC942}") = "libbench", "libbench\libbench.vcxproj", "{DC86E86E-BB80-4C93-8A1F-E409C1FA38D2}"
	ProjectSection(ProjectDependencies) = postProject
		{761E7D88-6CCB-4E41-9F1E-6C1FBBD062F5} = {761E7D88-6CCB-4E41-9F1E-6C1FBBD062F5}
	EndProjectSection
EndProject
Project("{8BC9CEB8-8B4A-11D0-8D11-00A0C91BC942}") = "libbench_tests", "libbench_tests\libbench_tests.vcxproj", "{FEFFE0CB-CD6B-4E61-854C-39506D6DCD5D}"
	ProjectSection(ProjectDependencies) = postProject
		{7D04222B-643C-446C-A2B8-93AF74A86246} = {7D04222B-643C-446C-A2B8-93AF74A86246}
		{8F120666-1A69-4506-8546-0F665E80FFB7} = {8F120666-1A69-4506-8546-0F665E80FFB7}
		{DC86E86E-BB80-4C93-8A1F-E409C1FA38D2} = {DC86E86E-BB80-4C93-8A1F-E409C1FA38D2}
		{F6E728D3-A0B2-40F6-9B91-7D4474D778F3} = {F6E728D3-A0B2-40F6-9B91-7D4474D778F3}
	EndProjectSection
EndProject
Project("{8BC9CEB8-8B4A-11D0-8D11-00A0C91BC942}") = "libbench_example", "libbench_example\libbench_example.vcxproj", "{6280D58A-5E05-45D1-8B79-DF677C114CD4}"
	ProjectSection(ProjectDependencies) = postProject
		{7D04222B-643C-446C-A2B8-93AF74A86246} = {7D04222B-643C-446C-A2B8-93AF74A86246}
	EndProjectSection
EndProject
Project("{8BC9CEB8-8B4A-11D0-8D11-00A0C91BC942}") = "libdns++_benchmarks", "libdns++_benchmarks\libdns++_benchmarks.vcxproj", "{C7DEAFEC-423B-486D-BBD8-896B0DE69DDE}"
	ProjectSection(ProjectDependencies) = postProject
		{7D04222B-643C-446C-A2B8-93AF74A86246} = {7D04222B-643C-446C-A2B8-93AF74A86246}
		{8F120666-1A69-4506-8546-0F665E80FFB7} = {8F120666-1A69-4506-8546-0F665E80FFB7}
		{F6E728D3-A0B2-40F6-9B91-7D4474D778F3} = {F6E728D3-A0B2-40F6-9B91-7D4474D778F3}
	EndProjectSection
EndProject
Project("{8BC9CEB8-8B4A-11D0-8D11-00A0C91BC942}") = "liblog_rtitest", "liblog_rtitest\liblog_rtitest.vcxproj", "{0723DEB6-E2C3-4082-91E5-0F8F4B0649F6}"
	ProjectSection(ProjectDependencies) = postProject
		{8F120666-1A69-4506-8546-0F665E80FFB7} = {8F120666-1A69-4506-8546-0F665E80FFB7}
		{AEF3DFFE-B566-4E6A-B299-B59B81022C06} = {AEF3DFFE-B566-4E6A-B299-B59B81022C06}
	EndProjectSection
EndProject
Project("{8BC9CEB8-8B4A-11D0-8D11-00A0C91BC942}") = "libutil_io", "libutil_io\libutil_io.vcxproj", "{AC4806D1-C2CC-444B-8F0D-209851A969D2}"
	ProjectSection(ProjectDependencies) = postProject
		{8F120666-1A69-4506-8546-0F665E80FFB7} = {8F120666-1A69-4506-8546-0F665E80FFB7}
	EndProjectSection
EndProject
Project("{8BC9CEB8-8B4A-11D0-8D11-00A0C91BC942}") = "libutil_io_tests", "libutil_io_tests\libutil_io_tests.vcxproj", "{805598B5-9E7E-4CB1-952C-C0060FBE630D}"
	ProjectSection(ProjectDependencies) = postProject
		{AC4806D1-C2CC-444B-8F0D-209851A969D2} = {AC4806D1-C2CC-444B-8F0D-209851A969D2}
		{2844FDFB-A0A1-4FA4-A654-15D69CC717DD} = {2844FDFB-A0A1-4FA4-A654-15D69CC717DD}
	EndProjectSection
EndProject
Project("{8BC9CEB8-8B4A-11D0-8D11-00A0C91BC942}") = "libutil_io_python", "libutil_io_python\libutil_io_python.vcxproj", "{564B0ADE-76A4-4833-9610-8DEEA6A15423}"
	ProjectSection(ProjectDependencies) = postProject
		{AC4806D1-C2CC-444B-8F0D-209851A969D2} = {AC4806D1-C2CC-444B-8F0D-209851A969D2}
	EndProjectSection
EndProject
Project("{8BC9CEB8-8B4A-11D0-8D11-00A0C91BC942}") = "libxfr", "libxfr\libxfr.vcxproj", "{761E7D88-6CCB-4E41-9F1E-6C1FBBD062F5}"
	ProjectSection(ProjectDependencies) = postProject
		{813BA1C9-8CD8-4B06-B1C0-FDAB576AC4B6} = {813BA1C9-8CD8-4B06-B1C0-FDAB576AC4B6}
	EndProjectSection
EndProject
Global
	GlobalSection(SolutionConfigurationPlatforms) = preSolution
		Debug|Win32 = Debug|Win32
		Release|Win32 = Release|Win32
	EndGlobalSection
	GlobalSection(ProjectConfigurationPlatforms) = postSolution
		{41B1A417-2276-422A-A054-2691F6E40A54}.Debug|Win32.ActiveCfg = Debug|Win32
		{41B1A417-2276-422A-A054-2691F6E40A54}.Debug|Win32.Build.0 = Debug|Win32
		{41B1A417-2276-422A-A054-2691F6E40A54}.Release|Win32.ActiveCfg = Release|Win32
		{41B1A417-2276-422A-A054-2691F6E40A54}.Release|Win32.Build.0 = Release|Win32
		{7D04222B-643C-446C-A2B8-93AF74A86246}.Debug|Win32.ActiveCfg = Debug|Win32
		{7D04222B-643C-446C-A2B8-93AF74A86246}.Debug|Win32.Build.0 = Debug|Win32
		{7D04222B-643C-446C-A2B8-93AF74A86246}.Release|Win32.ActiveCfg = Release|Win32
		{7D04222B-643C-446C-A2B8-93AF74A86246}.Release|Win32.Build.0 = Release|Win32
		{8F120666-1A69-4506-8546-0F665E80FFB7}.Debug|Win32.ActiveCfg = Debug|Win32
		{8F120666-1A69-4506-8546-0F665E80FFB7}.Debug|Win32.Build.0 = Debug|Win32
		{8F120666-1A69-4506-8546-0F665E80FFB7}.Release|Win32.ActiveCfg = Release|Win32
		{8F120666-1A69-4506-8546-0F665E80FFB7}.Release|Win32.Build.0 = Release|Win32
		{13215E3E-E75D-463D-A0EF-93A1C9A20896}.Debug|Win32.ActiveCfg = Debug|Win32
		{13215E3E-E75D-463D-A0EF-93A1C9A20896}.Debug|Win32.Build.0 = Debug|Win32
		{13215E3E-E75D-463D-A0EF-93A1C9A20896}.Release|Win32.ActiveCfg = Release|Win32
		{13215E3E-E75D-463D-A0EF-93A1C9A20896}.Release|Win32.Build.0 = Release|Win32
		{F6E728D3-A0B2-40F6-9B91-7D4474D778F3}.Debug|Win32.ActiveCfg = Debug|Win32
		{F6E728D3-A0B2-40F6-9B91-7D4474D778F3}.Debug|Win32.Build.0 = Debug|Win32
		{F6E728D3-A0B2-40F6-9B91-7D4474D778F3}.Release|Win32.ActiveCfg = Release|Win32
		{F6E728D3-A0B2-40F6-9B91-7D4474D778F3}.Release|Win32.Build.0 = Release|Win32
		{DCF4ED2E-FFD1-4432-AFEF-8D6EC96B79A2}.Debug|Win32.ActiveCfg = Debug|Win32
		{DCF4ED2E-FFD1-4432-AFEF-8D6EC96B79A2}.Debug|Win32.Build.0 = Debug|Win32
		{DCF4ED2E-FFD1-4432-AFEF-8D6EC96B79A2}.Release|Win32.ActiveCfg = Release|Win32
		{DCF4ED2E-FFD1-4432-AFEF-8D6EC96B79A2}.Release|Win32.Build.0 = Release|Win32
		{2C518972-FF5F-4D33-9D3E-5BCC6357EDD7}.Debug|Win32.ActiveCfg = Debug|Win32
		{2C518972-FF5F-4D33-9D3E-5BCC6357EDD7}.Debug|Win32.Build.0 = Debug|Win32
		{2C518972-FF5F-4D33-9D3E-5BCC6357EDD7}.Release|Win32.ActiveCfg = Release|Win32
		{2C518972-FF5F-4D33-9D3E-5BCC6357EDD7}.Release|Win32.Build.0 = Release|Win32
		{2844FDFB-A0A1-4FA4-A654-15D69CC717DD}.Debug|Win32.ActiveCfg = Debug|Win32
		{2844FDFB-A0A1-4FA4-A654-15D69CC717DD}.Debug|Win32.Build.0 = Debug|Win32
		{2844FDFB-A0A1-4FA4-A654-15D69CC717DD}.Release|Win32.ActiveCfg = Release|Win32
		{2844FDFB-A0A1-4FA4-A654-15D69CC717DD}.Release|Win32.Build.0 = Release|Win32
		{8412D26C-6C2B-4FCC-ABB4-E9509E833951}.Debug|Win32.ActiveCfg = Debug|Win32
		{8412D26C-6C2B-4FCC-ABB4-E9509E833951}.Debug|Win32.Build.0 = Debug|Win32
		{8412D26C-6C2B-4FCC-ABB4-E9509E833951}.Release|Win32.ActiveCfg = Release|Win32
		{8412D26C-6C2B-4FCC-ABB4-E9509E833951}.Release|Win32.Build.0 = Release|Win32
		{65B0B6D2-94CE-4A21-85E7-A047C79044F9}.Debug|Win32.ActiveCfg = Debug|Win32
		{65B0B6D2-94CE-4A21-85E7-A047C79044F9}.Debug|Win32.Build.0 = Debug|Win32
		{65B0B6D2-94CE-4A21-85E7-A047C79044F9}.Release|Win32.ActiveCfg = Release|Win32
		{65B0B6D2-94CE-4A21-85E7-A047C79044F9}.Release|Win32.Build.0 = Release|Win32
		{13D541BC-8365-42F7-840F-A117CA0413DD}.Debug|Win32.ActiveCfg = Debug|Win32
		{13D541BC-8365-42F7-840F-A117CA0413DD}.Debug|Win32.Build.0 = Debug|Win32
		{13D541BC-8365-42F7-840F-A117CA0413DD}.Release|Win32.ActiveCfg = Release|Win32
		{13D541BC-8365-42F7-840F-A117CA0413DD}.Release|Win32.Build.0 = Release|Win32
		{CC29C1F9-A77B-476C-803E-8830F8312571}.Debug|Win32.ActiveCfg = Debug|Win32
		{CC29C1F9-A77B-476C-803E-8830F8312571}.Debug|Win32.Build.0 = Debug|Win32
		{CC29C1F9-A77B-476C-803E-8830F8312571}.Release|Win32.ActiveCfg = Release|Win32
		{CC29C1F9-A77B-476C-803E-8830F8312571}.Release|Win32.Build.0 = Release|Win32
		{D781E925-FE57-4C75-9E26-BBC102B6A24A}.Debug|Win32.ActiveCfg = Debug|Win32
		{D781E925-FE57-4C75-9E26-BBC102B6A24A}.Debug|Win32.Build.0 = Debug|Win32
		{D781E925-FE57-4C75-9E26-BBC102B6A24A}.Release|Win32.ActiveCfg = Release|Win32
		{D781E925-FE57-4C75-9E26-BBC102B6A24A}.Release|Win32.Build.0 = Release|Win32
		{813BA1C9-8CD8-4B06-B1C0-FDAB576AC4B6}.Debug|Win32.ActiveCfg = Debug|Win32
		{813BA1C9-8CD8-4B06-B1C0-FDAB576AC4B6}.Debug|Win32.Build.0 = Debug|Win32
		{813BA1C9-8CD8-4B06-B1C0-FDAB576AC4B6}.Release|Win32.ActiveCfg = Release|Win32
		{813BA1C9-8CD8-4B06-B1C0-FDAB576AC4B6}.Release|Win32.Build.0 = Release|Win32
		{5D857B14-7763-466C-9D4E-D7C2E57C0E7F}.Debug|Win32.ActiveCfg = Debug|Win32
		{5D857B14-7763-466C-9D4E-D7C2E57C0E7F}.Debug|Win32.Build.0 = Debug|Win32
		{5D857B14-7763-466C-9D4E-D7C2E57C0E7F}.Release|Win32.ActiveCfg = Release|Win32
		{5D857B14-7763-466C-9D4E-D7C2E57C0E7F}.Release|Win32.Build.0 = Release|Win32
		{AEF3DFFE-B566-4E6A-B299-B59B81022C06}.Debug|Win32.ActiveCfg = Debug|Win32
		{AEF3DFFE-B566-4E6A-B299-B59B81022C06}.Debug|Win32.Build.0 = Debug|Win32
		{AEF3DFFE-B566-4E6A-B299-B59B81022C06}.Release|Win32.ActiveCfg = Release|Win32
		{AEF3DFFE-B566-4E6A-B299-B59B81022C06}.Release|Win32.Build.0 = Release|Win32
		{9F69DE07-D285-4B5C-8528-DF975C59ED3B}.Debug|Win32.ActiveCfg = Debug|Win32
		{9F69DE07-D285-4B5C-8528-DF975C59ED3B}.Debug|Win32.Build.0 = Debug|Win32
		{9F69DE07-D285-4B5C-8528-DF975C59ED3B}.Release|Win32.ActiveCfg = Release|Win32
		{9F69DE07-D285-4B5C-8528-DF975C59ED3B}.Release|Win32.Build.0 = Release|Win32
		{2E64F6CC-3AD9-4DA7-8E05-ABBB83F9AFC4}.Debug|Win32.ActiveCfg = Debug|Win32
		{2E64F6CC-3AD9-4DA7-8E05-ABBB83F9AFC4}.Debug|Win32.Build.0 = Debug|Win32
		{2E64F6CC-3AD9-4DA7-8E05-ABBB83F9AFC4}.Release|Win32.ActiveCfg = Release|Win32
		{2E64F6CC-3AD9-4DA7-8E05-ABBB83F9AFC4}.Release|Win32.Build.0 = Release|Win32
		{69048307-9655-4AAA-B07E-B67345C1DEF9}.Debug|Win32.ActiveCfg = Debug|Win32
		{69048307-9655-4AAA-B07E-B67345C1DEF9}.Debug|Win32.Build.0 = Debug|Win32
		{69048307-9655-4AAA-B07E-B67345C1DEF9}.Release|Win32.ActiveCfg = Release|Win32
		{69048307-9655-4AAA-B07E-B67345C1DEF9}.Release|Win32.Build.0 = Release|Win32
		{6AC4F7A4-9BDC-415F-81DB-6332CACA38B3}.Debug|Win32.ActiveCfg = Debug|Win32
		{6AC4F7A4-9BDC-415F-81DB-6332CACA38B3}.Debug|Win32.Build.0 = Debug|Win32
		{6AC4F7A4-9BDC-415F-81DB-6332CACA38B3}.Release|Win32.ActiveCfg = Release|Win32
		{6AC4F7A4-9BDC-415F-81DB-6332CACA38B3}.Release|Win32.Build.0 = Release|Win32
		{7EB244E7-D381-4CF4-A2D4-739B81F77588}.Debug|Win32.ActiveCfg = Debug|Win32
		{7EB244E7-D381-4CF4-A2D4-739B81F77588}.Debug|Win32.Build.0 = Debug|Win32
		{7EB244E7-D381-4CF4-A2D4-739B81F77588}.Release|Win32.ActiveCfg = Release|Win32
		{7EB244E7-D381-4CF4-A2D4-739B81F77588}.Release|Win32.Build.0 = Release|Win32
		{6D55503E-0B43-4273-B6A5-4CEB39E114AC}.Debug|Win32.ActiveCfg = Debug|Win32
		{6D55503E-0B43-4273-B6A5-4CEB39E114AC}.Debug|Win32.Build.0 = Debug|Win32
		{6D55503E-0B43-4273-B6A5-4CEB39E114AC}.Release|Win32.ActiveCfg = Release|Win32
		{6D55503E-0B43-4273-B6A5-4CEB39E114AC}.Release|Win32.Build.0 = Release|Win32
		{67046450-CCEA-4CAC-A05B-17516F3FB540}.Debug|Win32.ActiveCfg = Debug|Win32
		{67046450-CCEA-4CAC-A05B-17516F3FB540}.Debug|Win32.Build.0 = Debug|Win32
		{67046450-CCEA-4CAC-A05B-17516F3FB540}.Release|Win32.ActiveCfg = Release|Win32
		{67046450-CCEA-4CAC-A05B-17516F3FB540}.Release|Win32.Build.0 = Release|Win32
		{B5D971AD-D95B-4A15-9E31-38AEF4F69627}.Debug|Win32.ActiveCfg = Debug|Win32
		{B5D971AD-D95B-4A15-9E31-38AEF4F69627}.Debug|Win32.Build.0 = Debug|Win32
		{B5D971AD-D95B-4A15-9E31-38AEF4F69627}.Release|Win32.ActiveCfg = Release|Win32
		{B5D971AD-D95B-4A15-9E31-38AEF4F69627}.Release|Win32.Build.0 = Release|Win32
		{F8616086-9CE9-4F32-BC97-8494EADAEC6F}.Debug|Win32.ActiveCfg = Debug|Win32
		{F8616086-9CE9-4F32-BC97-8494EADAEC6F}.Debug|Win32.Build.0 = Debug|Win32
		{F8616086-9CE9-4F32-BC97-8494EADAEC6F}.Release|Win32.ActiveCfg = Release|Win32
		{F8616086-9CE9-4F32-BC97-8494EADAEC6F}.Release|Win32.Build.0 = Release|Win32
		{7B80F6F0-E0CD-40D3-87B7-95C2EA2581BA}.Debug|Win32.ActiveCfg = Debug|Win32
		{7B80F6F0-E0CD-40D3-87B7-95C2EA2581BA}.Debug|Win32.Build.0 = Debug|Win32
		{7B80F6F0-E0CD-40D3-87B7-95C2EA2581BA}.Release|Win32.ActiveCfg = Release|Win32
		{7B80F6F0-E0CD-40D3-87B7-95C2EA2581BA}.Release|Win32.Build.0 = Release|Win32
		{3FFD260A-C606-49D1-A34F-74B78D8DC76F}.Debug|Win32.ActiveCfg = Debug|Win32
		{3FFD260A-C606-49D1-A34F-74B78D8DC76F}.Debug|Win32.Build.0 = Debug|Win32
		{3FFD260A-C606-49D1-A34F-74B78D8DC76F}.Release|Win32.ActiveCfg = Release|Win32
		{3FFD260A-C606-49D1-A34F-74B78D8DC76F}.Release|Win32.Build.0 = Release|Win32
		{9C5774EF-E833-4150-8B7A-B6082D879775}.Debug|Win32.ActiveCfg = Debug|Win32
		{9C5774EF-E833-4150-8B7A-B6082D879775}.Debug|Win32.Build.0 = Debug|Win32
		{9C5774EF-E833-4150-8B7A-B6082D879775}.Release|Win32.ActiveCfg = Release|Win32
		{9C5774EF-E833-4150-8B7A-B6082D879775}.Release|Win32.Build.0 = Release|Win32
		{55BCB364-62B0-4F93-8B88-38F3349B22C8}.Debug|Win32.ActiveCfg = Debug|Win32
		{55BCB364-62B0-4F93-8B88-38F3349B22C8}.Debug|Win32.Build.0 = Debug|Win32
		{55BCB364-62B0-4F93-8B88-38F3349B22C8}.Release|Win32.ActiveCfg = Release|Win32
		{55BCB364-62B0-4F93-8B88-38F3349B22C8}.Release|Win32.Build.0 = Release|Win32
		{32624520-5341-471B-B88D-2599DBCDABF5}.Debug|Win32.ActiveCfg = Debug|Win32
		{32624520-5341-471B-B88D-2599DBCDABF5}.Debug|Win32.Build.0 = Debug|Win32
		{32624520-5341-471B-B88D-2599DBCDABF5}.Release|Win32.ActiveCfg = Release|Win32
		{32624520-5341-471B-B88D-2599DBCDABF5}.Release|Win32.Build.0 = Release|Win32
		{4D551D14-3C0F-4554-B20C-4B600249E42A}.Debug|Win32.ActiveCfg = Debug|Win32
		{4D551D14-3C0F-4554-B20C-4B600249E42A}.Debug|Win32.Build.0 = Debug|Win32
		{4D551D14-3C0F-4554-B20C-4B600249E42A}.Release|Win32.ActiveCfg = Release|Win32
		{4D551D14-3C0F-4554-B20C-4B600249E42A}.Release|Win32.Build.0 = Release|Win32
		{66C9A5EC-514B-4BDC-AC74-ED4CB465CAAF}.Debug|Win32.ActiveCfg = Debug|Win32
		{66C9A5EC-514B-4BDC-AC74-ED4CB465CAAF}.Debug|Win32.Build.0 = Debug|Win32
		{66C9A5EC-514B-4BDC-AC74-ED4CB465CAAF}.Release|Win32.ActiveCfg = Release|Win32
		{66C9A5EC-514B-4BDC-AC74-ED4CB465CAAF}.Release|Win32.Build.0 = Release|Win32
		{D09B618B-D0E4-468D-A4BD-E204B4344C18}.Debug|Win32.ActiveCfg = Debug|Win32
		{D09B618B-D0E4-468D-A4BD-E204B4344C18}.Debug|Win32.Build.0 = Debug|Win32
		{D09B618B-D0E4-468D-A4BD-E204B4344C18}.Release|Win32.ActiveCfg = Release|Win32
		{D09B618B-D0E4-468D-A4BD-E204B4344C18}.Release|Win32.Build.0 = Release|Win32
		{DC86E86E-BB80-4C93-8A1F-E409C1FA38D2}.Debug|Win32.ActiveCfg = Debug|Win32
		{DC86E86E-BB80-4C93-8A1F-E409C1FA38D2}.Debug|Win32.Build.0 = Debug|Win32
		{DC86E86E-BB80-4C93-8A1F-E409C1FA38D2}.Release|Win32.ActiveCfg = Release|Win32
		{DC86E86E-BB80-4C93-8A1F-E409C1FA38D2}.Release|Win32.Build.0 = Release|Win32
		{FEFFE0CB-CD6B-4E61-854C-39506D6DCD5D}.Debug|Win32.ActiveCfg = Debug|Win32
		{FEFFE0CB-CD6B-4E61-854C-39506D6DCD5D}.Debug|Win32.Build.0 = Debug|Win32
		{FEFFE0CB-CD6B-4E61-854C-39506D6DCD5D}.Release|Win32.ActiveCfg = Release|Win32
		{FEFFE0CB-CD6B-4E61-854C-39506D6DCD5D}.Release|Win32.Build.0 = Release|Win32
		{6280D58A-5E05-45D1-8B79-DF677C114CD4}.Debug|Win32.ActiveCfg = Debug|Win32
		{6280D58A-5E05-45D1-8B79-DF677C114CD4}.Debug|Win32.Build.0 = Debug|Win32
		{6280D58A-5E05-45D1-8B79-DF677C114CD4}.Release|Win32.ActiveCfg = Release|Win32
		{6280D58A-5E05-45D1-8B79-DF677C114CD4}.Release|Win32.Build.0 = Release|Win32
		{C7DEAFEC-423B-486D-BBD8-896B0DE69DDE}.Debug|Win32.ActiveCfg = Debug|Win32
		{C7DEAFEC-423B-486D-BBD8-896B0DE69DDE}.Debug|Win32.Build.0 = Debug|Win32
		{C7DEAFEC-423B-486D-BBD8-896B0DE69DDE}.Release|Win32.ActiveCfg = Release|Win32
		{C7DEAFEC-423B-486D-BBD8-896B0DE69DDE}.Release|Win32.Build.0 = Release|Win32
		{0723DEB6-E2C3-4082-91E5-0F8F4B0649F6}.Debug|Win32.ActiveCfg = Debug|Win32
		{0723DEB6-E2C3-4082-91E5-0F8F4B0649F6}.Debug|Win32.Build.0 = Debug|Win32
		{0723DEB6-E2C3-4082-91E5-0F8F4B0649F6}.Release|Win32.ActiveCfg = Release|Win32
		{0723DEB6-E2C3-4082-91E5-0F8F4B0649F6}.Release|Win32.Build.0 = Release|Win32
		{AC4806D1-C2CC-444B-8F0D-209851A969D2}.Debug|Win32.ActiveCfg = Debug|Win32
		{AC4806D1-C2CC-444B-8F0D-209851A969D2}.Debug|Win32.Build.0 = Debug|Win32
		{AC4806D1-C2CC-444B-8F0D-209851A969D2}.Release|Win32.ActiveCfg = Release|Win32
		{AC4806D1-C2CC-444B-8F0D-209851A969D2}.Release|Win32.Build.0 = Release|Win32
		{805598B5-9E7E-4CB1-952C-C0060FBE630D}.Debug|Win32.ActiveCfg = Debug|Win32
		{805598B5-9E7E-4CB1-952C-C0060FBE630D}.Debug|Win32.Build.0 = Debug|Win32
		{805598B5-9E7E-4CB1-952C-C0060FBE630D}.Release|Win32.ActiveCfg = Release|Win32
		{805598B5-9E7E-4CB1-952C-C0060FBE630D}.Release|Win32.Build.0 = Release|Win32
		{564B0ADE-76A4-4833-9610-8DEEA6A15423}.Debug|Win32.ActiveCfg = Debug|Win32
		{564B0ADE-76A4-4833-9610-8DEEA6A15423}.Debug|Win32.Build.0 = Debug|Win32
		{564B0ADE-76A4-4833-9610-8DEEA6A15423}.Release|Win32.ActiveCfg = Release|Win32
		{564B0ADE-76A4-4833-9610-8DEEA6A15423}.Release|Win32.Build.0 = Release|Win32
		{761E7D88-6CCB-4E41-9F1E-6C1FBBD062F5}.Debug|Win32.ActiveCfg = Debug|Win32
		{761E7D88-6CCB-4E41-9F1E-6C1FBBD062F5}.Debug|Win32.Build.0 = Debug|Win32
		{761E7D88-6CCB-4E41-9F1E-6C1FBBD062F5}.Release|Win32.ActiveCfg = Release|Win32
		{761E7D88-6CCB-4E41-9F1E-6C1FBBD062F5}.Release|Win32.Build.0 = Release|Win32
	EndGlobalSection
	GlobalSection(SolutionProperties) = preSolution
		HideSolutionNode = FALSE
	EndGlobalSection
EndGlobal
