
Microsoft Visual Studio Solution File, Format Version 11.00
# Visual C++ Express 2010
Project("{8BC9CEB8-8B4A-11D0-8D11-00A0C91BC942}") = "BINDInstall", "BINDInstall\BINDInstall.vcxproj", "{41B1A417-2276-422A-A054-2691F6E40A54}"
	ProjectSection(ProjectDependencies) = postProject
		{7D04222B-643C-446C-A2B8-93AF74A86246} = {7D04222B-643C-446C-A2B8-93AF74A86246}
		{DCF4ED2E-FFD1-4432-AFEF-8D6EC96B79A2} = {DCF4ED2E-FFD1-4432-AFEF-8D6EC96B79A2}
		{13215E3E-E75D-463D-A0EF-93A1C9A20896} = {13215E3E-E75D-463D-A0EF-93A1C9A20896}
		{8F120666-1A69-4506-8546-0F665E80FFB7} = {8F120666-1A69-4506-8546-0F665E80FFB7}
		{8412D26C-6C2B-4FCC-ABB4-E9509E833951} = {8412D26C-6C2B-4FCC-ABB4-E9509E833951}
		{2C518972-FF5F-4D33-9D3E-5BCC6357EDD7} = {2C518972-FF5F-4D33-9D3E-5BCC6357EDD7}
		{13D541BC-8365-42F7-840F-A117CA0413DD} = {13D541BC-8365-42F7-840F-A117CA0413DD}
		{65B0B6D2-94CE-4A21-85E7-A047C79044F9} = {65B0B6D2-94CE-4A21-85E7-A047C79044F9}
		{F6E728D3-A0B2-40F6-9B91-7D4474D778F3} = {F6E728D3-A0B2-40F6-9B91-7D4474D778F3}
		{2844FDFB-A0A1-4FA4-A654-15D69CC717DD} = {2844FDFB-A0A1-4FA4-A654-15D69CC717DD}
	EndProjectSection
EndProject
Project("{8BC9CEB8-8B4A-11D0-8D11-00A0C91BC942}") = "libexceptions", "libexceptions\libexceptions.vcxproj", "{7D04222B-643C-446C-A2B8-93AF74A86246}"
EndProject
Project("{8BC9CEB8-8B4A-11D0-8D11-00A0C91BC942}") = "libutil", "libutil\libutil.vcxproj", "{8F120666-1A69-4506-8546-0F665E80FFB7}"
	ProjectSection(ProjectDependencies) = postProject
		{7D04222B-643C-446C-A2B8-93AF74A86246} = {7D04222B-643C-446C-A2B8-93AF74A86246}
	EndProjectSection
EndProject
Project("{8BC9CEB8-8B4A-11D0-8D11-00A0C91BC942}") = "libcryptolink", "libcryptolink\libcryptolink.vcxproj", "{13215E3E-E75D-463D-A0EF-93A1C9A20896}"
	ProjectSection(ProjectDependencies) = postProject
		{8F120666-1A69-4506-8546-0F665E80FFB7} = {8F120666-1A69-4506-8546-0F665E80FFB7}
	EndProjectSection
EndProject
Project("{8BC9CEB8-8B4A-11D0-8D11-00A0C91BC942}") = "libdns++", "libdns++\libdns++.vcxproj", "{F6E728D3-A0B2-40F6-9B91-7D4474D778F3}"
	ProjectSection(ProjectDependencies) = postProject
		{13215E3E-E75D-463D-A0EF-93A1C9A20896} = {13215E3E-E75D-463D-A0EF-93A1C9A20896}
	EndProjectSection
EndProject
Project("{8BC9CEB8-8B4A-11D0-8D11-00A0C91BC942}") = "libexceptions_tests", "libexceptions_tests\libexceptions_tests.vcxproj", "{DCF4ED2E-FFD1-4432-AFEF-8D6EC96B79A2}"
	ProjectSection(ProjectDependencies) = postProject
		{7D04222B-643C-446C-A2B8-93AF74A86246} = {7D04222B-643C-446C-A2B8-93AF74A86246}
	EndProjectSection
EndProject
Project("{8BC9CEB8-8B4A-11D0-8D11-00A0C91BC942}") = "libutil_tests", "libutil_tests\libutil_tests.vcxproj", "{2C518972-FF5F-4D33-9D3E-5BCC6357EDD7}"
	ProjectSection(ProjectDependencies) = postProject
		{7D04222B-643C-446C-A2B8-93AF74A86246} = {7D04222B-643C-446C-A2B8-93AF74A86246}
		{8F120666-1A69-4506-8546-0F665E80FFB7} = {8F120666-1A69-4506-8546-0F665E80FFB7}
	EndProjectSection
EndProject
Project("{8BC9CEB8-8B4A-11D0-8D11-00A0C91BC942}") = "libutil_unittests", "libutil_unittests\libutil_unittests.vcxproj", "{2844FDFB-A0A1-4FA4-A654-15D69CC717DD}"
	ProjectSection(ProjectDependencies) = postProject
		{8F120666-1A69-4506-8546-0F665E80FFB7} = {8F120666-1A69-4506-8546-0F665E80FFB7}
	EndProjectSection
EndProject
Project("{8BC9CEB8-8B4A-11D0-8D11-00A0C91BC942}") = "libcryptolink_tests", "libcryptolink_tests\libcryptolink_tests.vcxproj", "{8412D26C-6C2B-4FCC-ABB4-E9509E833951}"
	ProjectSection(ProjectDependencies) = postProject
		{7D04222B-643C-446C-A2B8-93AF74A86246} = {7D04222B-643C-446C-A2B8-93AF74A86246}
		{13215E3E-E75D-463D-A0EF-93A1C9A20896} = {13215E3E-E75D-463D-A0EF-93A1C9A20896}
		{8F120666-1A69-4506-8546-0F665E80FFB7} = {8F120666-1A69-4506-8546-0F665E80FFB7}
	EndProjectSection
EndProject
Project("{8BC9CEB8-8B4A-11D0-8D11-00A0C91BC942}") = "libdns++_tests", "libdns++_tests\libdns++_tests.vcxproj", "{65B0B6D2-94CE-4A21-85E7-A047C79044F9}"
	ProjectSection(ProjectDependencies) = postProject
		{7D04222B-643C-446C-A2B8-93AF74A86246} = {7D04222B-643C-446C-A2B8-93AF74A86246}
		{13215E3E-E75D-463D-A0EF-93A1C9A20896} = {13215E3E-E75D-463D-A0EF-93A1C9A20896}
		{8F120666-1A69-4506-8546-0F665E80FFB7} = {8F120666-1A69-4506-8546-0F665E80FFB7}
		{F6E728D3-A0B2-40F6-9B91-7D4474D778F3} = {F6E728D3-A0B2-40F6-9B91-7D4474D778F3}
		{2844FDFB-A0A1-4FA4-A654-15D69CC717DD} = {2844FDFB-A0A1-4FA4-A654-15D69CC717DD}
	EndProjectSection
EndProject
Project("{8BC9CEB8-8B4A-11D0-8D11-00A0C91BC942}") = "libdns++_python", "libdns++_python\libdns++_python.vcxproj", "{13D541BC-8365-42F7-840F-A117CA0413DD}"
	ProjectSection(ProjectDependencies) = postProject
		{7D04222B-643C-446C-A2B8-93AF74A86246} = {7D04222B-643C-446C-A2B8-93AF74A86246}
		{8F120666-1A69-4506-8546-0F665E80FFB7} = {8F120666-1A69-4506-8546-0F665E80FFB7}
		{F6E728D3-A0B2-40F6-9B91-7D4474D778F3} = {F6E728D3-A0B2-40F6-9B91-7D4474D778F3}
	EndProjectSection
EndProject
Global
	GlobalSection(SolutionConfigurationPlatforms) = preSolution
		Debug|Win32 = Debug|Win32
		Release|Win32 = Release|Win32
	EndGlobalSection
	GlobalSection(ProjectConfigurationPlatforms) = postSolution
		{41B1A417-2276-422A-A054-2691F6E40A54}.Debug|Win32.ActiveCfg = Debug|Win32
		{41B1A417-2276-422A-A054-2691F6E40A54}.Debug|Win32.Build.0 = Debug|Win32
		{41B1A417-2276-422A-A054-2691F6E40A54}.Release|Win32.ActiveCfg = Release|Win32
		{41B1A417-2276-422A-A054-2691F6E40A54}.Release|Win32.Build.0 = Release|Win32
		{7D04222B-643C-446C-A2B8-93AF74A86246}.Debug|Win32.ActiveCfg = Debug|Win32
		{7D04222B-643C-446C-A2B8-93AF74A86246}.Debug|Win32.Build.0 = Debug|Win32
		{7D04222B-643C-446C-A2B8-93AF74A86246}.Release|Win32.ActiveCfg = Release|Win32
		{7D04222B-643C-446C-A2B8-93AF74A86246}.Release|Win32.Build.0 = Release|Win32
		{8F120666-1A69-4506-8546-0F665E80FFB7}.Debug|Win32.ActiveCfg = Debug|Win32
		{8F120666-1A69-4506-8546-0F665E80FFB7}.Debug|Win32.Build.0 = Debug|Win32
		{8F120666-1A69-4506-8546-0F665E80FFB7}.Release|Win32.ActiveCfg = Release|Win32
		{8F120666-1A69-4506-8546-0F665E80FFB7}.Release|Win32.Build.0 = Release|Win32
		{13215E3E-E75D-463D-A0EF-93A1C9A20896}.Debug|Win32.ActiveCfg = Debug|Win32
		{13215E3E-E75D-463D-A0EF-93A1C9A20896}.Debug|Win32.Build.0 = Debug|Win32
		{13215E3E-E75D-463D-A0EF-93A1C9A20896}.Release|Win32.ActiveCfg = Release|Win32
		{13215E3E-E75D-463D-A0EF-93A1C9A20896}.Release|Win32.Build.0 = Release|Win32
		{F6E728D3-A0B2-40F6-9B91-7D4474D778F3}.Debug|Win32.ActiveCfg = Debug|Win32
		{F6E728D3-A0B2-40F6-9B91-7D4474D778F3}.Debug|Win32.Build.0 = Debug|Win32
		{F6E728D3-A0B2-40F6-9B91-7D4474D778F3}.Release|Win32.ActiveCfg = Release|Win32
		{F6E728D3-A0B2-40F6-9B91-7D4474D778F3}.Release|Win32.Build.0 = Release|Win32
		{DCF4ED2E-FFD1-4432-AFEF-8D6EC96B79A2}.Debug|Win32.ActiveCfg = Debug|Win32
		{DCF4ED2E-FFD1-4432-AFEF-8D6EC96B79A2}.Debug|Win32.Build.0 = Debug|Win32
		{DCF4ED2E-FFD1-4432-AFEF-8D6EC96B79A2}.Release|Win32.ActiveCfg = Release|Win32
		{DCF4ED2E-FFD1-4432-AFEF-8D6EC96B79A2}.Release|Win32.Build.0 = Release|Win32
		{2C518972-FF5F-4D33-9D3E-5BCC6357EDD7}.Debug|Win32.ActiveCfg = Debug|Win32
		{2C518972-FF5F-4D33-9D3E-5BCC6357EDD7}.Debug|Win32.Build.0 = Debug|Win32
		{2C518972-FF5F-4D33-9D3E-5BCC6357EDD7}.Release|Win32.ActiveCfg = Release|Win32
		{2C518972-FF5F-4D33-9D3E-5BCC6357EDD7}.Release|Win32.Build.0 = Release|Win32
		{2844FDFB-A0A1-4FA4-A654-15D69CC717DD}.Debug|Win32.ActiveCfg = Debug|Win32
		{2844FDFB-A0A1-4FA4-A654-15D69CC717DD}.Debug|Win32.Build.0 = Debug|Win32
		{2844FDFB-A0A1-4FA4-A654-15D69CC717DD}.Release|Win32.ActiveCfg = Release|Win32
		{2844FDFB-A0A1-4FA4-A654-15D69CC717DD}.Release|Win32.Build.0 = Release|Win32
		{8412D26C-6C2B-4FCC-ABB4-E9509E833951}.Debug|Win32.ActiveCfg = Debug|Win32
		{8412D26C-6C2B-4FCC-ABB4-E9509E833951}.Debug|Win32.Build.0 = Debug|Win32
		{8412D26C-6C2B-4FCC-ABB4-E9509E833951}.Release|Win32.ActiveCfg = Release|Win32
		{8412D26C-6C2B-4FCC-ABB4-E9509E833951}.Release|Win32.Build.0 = Release|Win32
		{65B0B6D2-94CE-4A21-85E7-A047C79044F9}.Debug|Win32.ActiveCfg = Debug|Win32
		{65B0B6D2-94CE-4A21-85E7-A047C79044F9}.Debug|Win32.Build.0 = Debug|Win32
		{65B0B6D2-94CE-4A21-85E7-A047C79044F9}.Release|Win32.ActiveCfg = Release|Win32
		{65B0B6D2-94CE-4A21-85E7-A047C79044F9}.Release|Win32.Build.0 = Release|Win32
		{13D541BC-8365-42F7-840F-A117CA0413DD}.Debug|Win32.ActiveCfg = Debug|Win32
		{13D541BC-8365-42F7-840F-A117CA0413DD}.Debug|Win32.Build.0 = Debug|Win32
		{13D541BC-8365-42F7-840F-A117CA0413DD}.Release|Win32.ActiveCfg = Release|Win32
		{13D541BC-8365-42F7-840F-A117CA0413DD}.Release|Win32.Build.0 = Release|Win32
	EndGlobalSection
	GlobalSection(SolutionProperties) = preSolution
		HideSolutionNode = FALSE
	EndGlobalSection
EndGlobal
