
Microsoft Visual Studio Solution File, Format Version 10.00
# Visual C++ Express 2008
Project("{8BC9CEB8-8B4A-11D0-8D11-00A0C91BC942}") = "BINDInstall", "BINDInstall\BINDInstall.vcproj", "{037FE4D5-39B8-4E16-9079-77954AFA21DB}"
	ProjectSection(ProjectDependencies) = postProject
		{9C6C5E00-5D4F-4149-88A7-AFDCDC7C5017} = {9C6C5E00-5D4F-4149-88A7-AFDCDC7C5017}
		{09471D02-D601-4EFA-B342-0DCFE9082737} = {09471D02-D601-4EFA-B342-0DCFE9082737}
		{AFA7E20B-A78A-40E9-9639-D131D035C265} = {AFA7E20B-A78A-40E9-9639-D131D035C265}
		{634A520C-3085-4ACF-BE49-79E01FFCA04F} = {634A520C-3085-4ACF-BE49-79E01FFCA04F}
		{D71CA80E-7EBA-4ED2-9529-A2A309A43B95} = {D71CA80E-7EBA-4ED2-9529-A2A309A43B95}
		{99F5B212-3D33-4B0E-9878-82FEF4CC0FD0} = {99F5B212-3D33-4B0E-9878-82FEF4CC0FD0}
		{DF221D13-B0BD-4984-9EEF-943578CF4B11} = {DF221D13-B0BD-4984-9EEF-943578CF4B11}
		{0633A915-9440-4A79-BA4E-070CC0140F72} = {0633A915-9440-4A79-BA4E-070CC0140F72}
		{639C8A1D-99DF-4ACA-9755-A51E77FC6EC4} = {639C8A1D-99DF-4ACA-9755-A51E77FC6EC4}
		{B564FA1E-1B2F-42A9-9A2F-F340DC430848} = {B564FA1E-1B2F-42A9-9A2F-F340DC430848}
		{9494C92C-AF42-4897-B488-B5B416C2D392} = {9494C92C-AF42-4897-B488-B5B416C2D392}
		{79A26930-8CC4-4D98-A899-B4FDF1CE4DC5} = {79A26930-8CC4-4D98-A899-B4FDF1CE4DC5}
		{C5617D33-76BA-4388-AB0E-FC06CFAAA865} = {C5617D33-76BA-4388-AB0E-FC06CFAAA865}
		{3D19B634-75D8-4E99-8AF6-032AA67B0353} = {3D19B634-75D8-4E99-8AF6-032AA67B0353}
		{0986A335-5EDA-4F16-8AB2-A8FA8DC5702B} = {0986A335-5EDA-4F16-8AB2-A8FA8DC5702B}
		{8AAF0639-A368-4BE2-81E1-668D0C81FB8F} = {8AAF0639-A368-4BE2-81E1-668D0C81FB8F}
		{06BE7A3D-800D-4665-A250-9DB588CE7BBE} = {06BE7A3D-800D-4665-A250-9DB588CE7BBE}
		{11EA2746-8E45-4146-86F3-301DEC338E8B} = {11EA2746-8E45-4146-86F3-301DEC338E8B}
		{B14E334B-B2E5-4A7E-8A55-157BD70ECBE5} = {B14E334B-B2E5-4A7E-8A55-157BD70ECBE5}
		{9437FF4D-3CCE-45F1-A248-6B713FBF0A5D} = {9437FF4D-3CCE-45F1-A248-6B713FBF0A5D}
		{D20A3656-A6C5-4838-B20B-0329DE0AB187} = {D20A3656-A6C5-4838-B20B-0329DE0AB187}
		{7D9DD35B-A97E-4EF9-8FCA-2D85F8EA649E} = {7D9DD35B-A97E-4EF9-8FCA-2D85F8EA649E}
		{3E487E5C-9AE5-4F08-ACCC-448B0C0BE732} = {3E487E5C-9AE5-4F08-ACCC-448B0C0BE732}
		{F4D89262-37A8-401B-8ABD-D0E18E13E5D1} = {F4D89262-37A8-401B-8ABD-D0E18E13E5D1}
		{C138D564-102E-42AB-947B-C96B0F4A0A1A} = {C138D564-102E-42AB-947B-C96B0F4A0A1A}
		{0131E967-F93E-4E63-9561-47C94411FBEC} = {0131E967-F93E-4E63-9561-47C94411FBEC}
		{50427469-52BA-4961-80AF-7591198BB1D2} = {50427469-52BA-4961-80AF-7591198BB1D2}
		{CF7DB86A-D67D-4829-B63A-598E5BFC81BC} = {CF7DB86A-D67D-4829-B63A-598E5BFC81BC}
		{69A17480-26D6-4E58-A3C4-0EE726E80A7C} = {69A17480-26D6-4E58-A3C4-0EE726E80A7C}
		{42347681-5872-4D67-9E6B-CD0AA822DEE4} = {42347681-5872-4D67-9E6B-CD0AA822DEE4}
		{8AC71185-0619-477C-8C15-0E59D6DEB127} = {8AC71185-0619-477C-8C15-0E59D6DEB127}
		{C49C6288-0381-4F7F-AD11-6E122095A876} = {C49C6288-0381-4F7F-AD11-6E122095A876}
		{197FDB8D-FAE9-498A-B55B-E009932CD196} = {197FDB8D-FAE9-498A-B55B-E009932CD196}
		{AB337F8E-F8DD-4013-9638-8585BF087158} = {AB337F8E-F8DD-4013-9638-8585BF087158}
		{540ADC90-BF19-4F34-8D44-B415EAEF2338} = {540ADC90-BF19-4F34-8D44-B415EAEF2338}
		{7CFE4391-06F6-4DB2-B631-04BC5D4A40CE} = {7CFE4391-06F6-4DB2-B631-04BC5D4A40CE}
		{C40A319A-A08A-4482-A68D-2A5754778D7D} = {C40A319A-A08A-4482-A68D-2A5754778D7D}
		{E8E425A1-74C4-43B2-9DE9-F59E496333F0} = {E8E425A1-74C4-43B2-9DE9-F59E496333F0}
		{2F08DDA1-4175-45E0-92C1-D5919199F543} = {2F08DDA1-4175-45E0-92C1-D5919199F543}
		{101C12A4-E84C-4751-A3C6-CB72DE3A4ABC} = {101C12A4-E84C-4751-A3C6-CB72DE3A4ABC}
		{B18D03AA-EC46-4AAD-90BA-A6ED843DB7FB} = {B18D03AA-EC46-4AAD-90BA-A6ED843DB7FB}
		{2E6C27B1-94FA-4C1B-8338-1A650E05B375} = {2E6C27B1-94FA-4C1B-8338-1A650E05B375}
		{93F88AB1-78D9-41B1-A534-66D64D4B5C54} = {93F88AB1-78D9-41B1-A534-66D64D4B5C54}
		{9ABB5EB9-7742-4EBE-955A-0AE81B5878BA} = {9ABB5EB9-7742-4EBE-955A-0AE81B5878BA}
		{07413DBE-6012-422E-8531-2F7579C2C800} = {07413DBE-6012-422E-8531-2F7579C2C800}
		{E1DCE3BE-46BC-444F-927C-714414FDC457} = {E1DCE3BE-46BC-444F-927C-714414FDC457}
		{2BE3E9BE-0536-42F4-8932-827C6C172109} = {2BE3E9BE-0536-42F4-8932-827C6C172109}
		{1D545AC8-59EA-48C7-A006-C92F0C19633C} = {1D545AC8-59EA-48C7-A006-C92F0C19633C}
		{38F600CA-1FAF-4BF2-A4D5-B82569C156BC} = {38F600CA-1FAF-4BF2-A4D5-B82569C156BC}
		{3ADF20CD-D230-4911-8BC6-5D394EF54A95} = {3ADF20CD-D230-4911-8BC6-5D394EF54A95}
		{AB83FDCD-7D87-4866-A490-75DFAB68B361} = {AB83FDCD-7D87-4866-A490-75DFAB68B361}
		{490FACD4-B54B-40A7-A39F-2EB60B307CEC} = {490FACD4-B54B-40A7-A39F-2EB60B307CEC}
		{AA3B87DA-D863-46D6-9B6C-CFEC091BAC10} = {AA3B87DA-D863-46D6-9B6C-CFEC091BAC10}
		{F25691DE-F8D2-4CFC-8053-67539BD53AD4} = {F25691DE-F8D2-4CFC-8053-67539BD53AD4}
		{965D13E1-0E6C-46BF-AFDB-ABFBAFFAA2F4} = {965D13E1-0E6C-46BF-AFDB-ABFBAFFAA2F4}
		{BBF802E6-B6CB-4C58-A0FD-C2DF0F2ADEC2} = {BBF802E6-B6CB-4C58-A0FD-C2DF0F2ADEC2}
		{99678BE6-B8EB-4740-9E67-C90C84158785} = {99678BE6-B8EB-4740-9E67-C90C84158785}
		{593ECCEC-BB6C-449A-911A-6214460AE993} = {593ECCEC-BB6C-449A-911A-6214460AE993}
		{5E884AFC-FB00-4045-A339-113F36D12C86} = {5E884AFC-FB00-4045-A339-113F36D12C86}
	EndProjectSection
EndProject
Project("{8BC9CEB8-8B4A-11D0-8D11-00A0C91BC942}") = "libexceptions", "libexceptions\libexceptions.vcproj", "{1D545AC8-59EA-48C7-A006-C92F0C19633C}"
EndProject
Project("{8BC9CEB8-8B4A-11D0-8D11-00A0C91BC942}") = "libexceptions_tests", "libexceptions_tests\libexceptions_tests.vcproj", "{DF221D13-B0BD-4984-9EEF-943578CF4B11}"
	ProjectSection(ProjectDependencies) = postProject
		{1D545AC8-59EA-48C7-A006-C92F0C19633C} = {1D545AC8-59EA-48C7-A006-C92F0C19633C}
	EndProjectSection
EndProject
Project("{8BC9CEB8-8B4A-11D0-8D11-00A0C91BC942}") = "libutil", "libutil\libutil.vcproj", "{0986A335-5EDA-4F16-8AB2-A8FA8DC5702B}"
	ProjectSection(ProjectDependencies) = postProject
		{1D545AC8-59EA-48C7-A006-C92F0C19633C} = {1D545AC8-59EA-48C7-A006-C92F0C19633C}
	EndProjectSection
EndProject
Project("{8BC9CEB8-8B4A-11D0-8D11-00A0C91BC942}") = "libutil_tests", "libutil_tests\libutil_tests.vcproj", "{634A520C-3085-4ACF-BE49-79E01FFCA04F}"
	ProjectSection(ProjectDependencies) = postProject
		{0986A335-5EDA-4F16-8AB2-A8FA8DC5702B} = {0986A335-5EDA-4F16-8AB2-A8FA8DC5702B}
		{06BE7A3D-800D-4665-A250-9DB588CE7BBE} = {06BE7A3D-800D-4665-A250-9DB588CE7BBE}
		{E1DCE3BE-46BC-444F-927C-714414FDC457} = {E1DCE3BE-46BC-444F-927C-714414FDC457}
		{1D545AC8-59EA-48C7-A006-C92F0C19633C} = {1D545AC8-59EA-48C7-A006-C92F0C19633C}
	EndProjectSection
EndProject
Project("{8BC9CEB8-8B4A-11D0-8D11-00A0C91BC942}") = "libutil_unittests", "libutil_unittests\libutil_unittests.vcproj", "{06BE7A3D-800D-4665-A250-9DB588CE7BBE}"
	ProjectSection(ProjectDependencies) = postProject
		{D20A3656-A6C5-4838-B20B-0329DE0AB187} = {D20A3656-A6C5-4838-B20B-0329DE0AB187}
	EndProjectSection
EndProject
Project("{8BC9CEB8-8B4A-11D0-8D11-00A0C91BC942}") = "libcryptolink", "libcryptolink\libcryptolink.vcproj", "{F4D89262-37A8-401B-8ABD-D0E18E13E5D1}"
	ProjectSection(ProjectDependencies) = postProject
		{0633A915-9440-4A79-BA4E-070CC0140F72} = {0633A915-9440-4A79-BA4E-070CC0140F72}
	EndProjectSection
EndProject
Project("{8BC9CEB8-8B4A-11D0-8D11-00A0C91BC942}") = "libcryptolink_tests", "libcryptolink_tests\libcryptolink_tests.vcproj", "{C49C6288-0381-4F7F-AD11-6E122095A876}"
	ProjectSection(ProjectDependencies) = postProject
		{0986A335-5EDA-4F16-8AB2-A8FA8DC5702B} = {0986A335-5EDA-4F16-8AB2-A8FA8DC5702B}
		{06BE7A3D-800D-4665-A250-9DB588CE7BBE} = {06BE7A3D-800D-4665-A250-9DB588CE7BBE}
		{F4D89262-37A8-401B-8ABD-D0E18E13E5D1} = {F4D89262-37A8-401B-8ABD-D0E18E13E5D1}
		{1D545AC8-59EA-48C7-A006-C92F0C19633C} = {1D545AC8-59EA-48C7-A006-C92F0C19633C}
	EndProjectSection
EndProject
Project("{8BC9CEB8-8B4A-11D0-8D11-00A0C91BC942}") = "libdns++", "libdns++\libdns++.vcproj", "{AFA7E20B-A78A-40E9-9639-D131D035C265}"
	ProjectSection(ProjectDependencies) = postProject
		{F4D89262-37A8-401B-8ABD-D0E18E13E5D1} = {F4D89262-37A8-401B-8ABD-D0E18E13E5D1}
	EndProjectSection
EndProject
Project("{8BC9CEB8-8B4A-11D0-8D11-00A0C91BC942}") = "libdns++_tests", "libdns++_tests\libdns++_tests.vcproj", "{93F88AB1-78D9-41B1-A534-66D64D4B5C54}"
	ProjectSection(ProjectDependencies) = postProject
		{AFA7E20B-A78A-40E9-9639-D131D035C265} = {AFA7E20B-A78A-40E9-9639-D131D035C265}
		{0986A335-5EDA-4F16-8AB2-A8FA8DC5702B} = {0986A335-5EDA-4F16-8AB2-A8FA8DC5702B}
		{06BE7A3D-800D-4665-A250-9DB588CE7BBE} = {06BE7A3D-800D-4665-A250-9DB588CE7BBE}
		{F4D89262-37A8-401B-8ABD-D0E18E13E5D1} = {F4D89262-37A8-401B-8ABD-D0E18E13E5D1}
		{1D545AC8-59EA-48C7-A006-C92F0C19633C} = {1D545AC8-59EA-48C7-A006-C92F0C19633C}
	EndProjectSection
EndProject
Project("{8BC9CEB8-8B4A-11D0-8D11-00A0C91BC942}") = "libdns++_python", "libdns++_python\libdns++_python.vcproj", "{8AAF0639-A368-4BE2-81E1-668D0C81FB8F}"
	ProjectSection(ProjectDependencies) = postProject
		{AFA7E20B-A78A-40E9-9639-D131D035C265} = {AFA7E20B-A78A-40E9-9639-D131D035C265}
	EndProjectSection
EndProject
Project("{8BC9CEB8-8B4A-11D0-8D11-00A0C91BC942}") = "libcc", "libcc\libcc.vcproj", "{E8E425A1-74C4-43B2-9DE9-F59E496333F0}"
	ProjectSection(ProjectDependencies) = postProject
		{C5617D33-76BA-4388-AB0E-FC06CFAAA865} = {C5617D33-76BA-4388-AB0E-FC06CFAAA865}
	EndProjectSection
EndProject
Project("{8BC9CEB8-8B4A-11D0-8D11-00A0C91BC942}") = "libcc_tests", "libcc_tests\libcc_tests.vcproj", "{0131E967-F93E-4E63-9561-47C94411FBEC}"
	ProjectSection(ProjectDependencies) = postProject
		{9494C92C-AF42-4897-B488-B5B416C2D392} = {9494C92C-AF42-4897-B488-B5B416C2D392}
		{0986A335-5EDA-4F16-8AB2-A8FA8DC5702B} = {0986A335-5EDA-4F16-8AB2-A8FA8DC5702B}
		{06BE7A3D-800D-4665-A250-9DB588CE7BBE} = {06BE7A3D-800D-4665-A250-9DB588CE7BBE}
		{E8E425A1-74C4-43B2-9DE9-F59E496333F0} = {E8E425A1-74C4-43B2-9DE9-F59E496333F0}
		{1D545AC8-59EA-48C7-A006-C92F0C19633C} = {1D545AC8-59EA-48C7-A006-C92F0C19633C}
	EndProjectSection
EndProject
Project("{8BC9CEB8-8B4A-11D0-8D11-00A0C91BC942}") = "libcfgclient", "libcfgclient\libcfgclient.vcproj", "{99678BE6-B8EB-4740-9E67-C90C84158785}"
	ProjectSection(ProjectDependencies) = postProject
		{E8E425A1-74C4-43B2-9DE9-F59E496333F0} = {E8E425A1-74C4-43B2-9DE9-F59E496333F0}
	EndProjectSection
EndProject
Project("{8BC9CEB8-8B4A-11D0-8D11-00A0C91BC942}") = "libcfgclient_tests", "libcfgclient_tests\libcfgclient_tests.vcproj", "{B18D03AA-EC46-4AAD-90BA-A6ED843DB7FB}"
	ProjectSection(ProjectDependencies) = postProject
		{9494C92C-AF42-4897-B488-B5B416C2D392} = {9494C92C-AF42-4897-B488-B5B416C2D392}
		{3E487E5C-9AE5-4F08-ACCC-448B0C0BE732} = {3E487E5C-9AE5-4F08-ACCC-448B0C0BE732}
		{E8E425A1-74C4-43B2-9DE9-F59E496333F0} = {E8E425A1-74C4-43B2-9DE9-F59E496333F0}
		{1D545AC8-59EA-48C7-A006-C92F0C19633C} = {1D545AC8-59EA-48C7-A006-C92F0C19633C}
		{99678BE6-B8EB-4740-9E67-C90C84158785} = {99678BE6-B8EB-4740-9E67-C90C84158785}
	EndProjectSection
EndProject
Project("{8BC9CEB8-8B4A-11D0-8D11-00A0C91BC942}") = "liblog", "liblog\liblog.vcproj", "{9494C92C-AF42-4897-B488-B5B416C2D392}"
	ProjectSection(ProjectDependencies) = postProject
		{06BE7A3D-800D-4665-A250-9DB588CE7BBE} = {06BE7A3D-800D-4665-A250-9DB588CE7BBE}
	EndProjectSection
EndProject
Project("{8BC9CEB8-8B4A-11D0-8D11-00A0C91BC942}") = "liblog_tests", "liblog_tests\liblog_tests.vcproj", "{9437FF4D-3CCE-45F1-A248-6B713FBF0A5D}"
	ProjectSection(ProjectDependencies) = postProject
		{0633A915-9440-4A79-BA4E-070CC0140F72} = {0633A915-9440-4A79-BA4E-070CC0140F72}
		{9494C92C-AF42-4897-B488-B5B416C2D392} = {9494C92C-AF42-4897-B488-B5B416C2D392}
		{0986A335-5EDA-4F16-8AB2-A8FA8DC5702B} = {0986A335-5EDA-4F16-8AB2-A8FA8DC5702B}
		{06BE7A3D-800D-4665-A250-9DB588CE7BBE} = {06BE7A3D-800D-4665-A250-9DB588CE7BBE}
	EndProjectSection
EndProject
Project("{8BC9CEB8-8B4A-11D0-8D11-00A0C91BC942}") = "liblog_compiler", "liblog_compiler\liblog_compiler.vcproj", "{0633A915-9440-4A79-BA4E-070CC0140F72}"
	ProjectSection(ProjectDependencies) = postProject
		{9494C92C-AF42-4897-B488-B5B416C2D392} = {9494C92C-AF42-4897-B488-B5B416C2D392}
	EndProjectSection
EndProject
Project("{8BC9CEB8-8B4A-11D0-8D11-00A0C91BC942}") = "libasiolink", "libasiolink\libasiolink.vcproj", "{D71CA80E-7EBA-4ED2-9529-A2A309A43B95}"
	ProjectSection(ProjectDependencies) = postProject
		{490FACD4-B54B-40A7-A39F-2EB60B307CEC} = {490FACD4-B54B-40A7-A39F-2EB60B307CEC}
	EndProjectSection
EndProject
Project("{8BC9CEB8-8B4A-11D0-8D11-00A0C91BC942}") = "libasiolink_tests", "libasiolink_tests\libasiolink_tests.vcproj", "{CF7DB86A-D67D-4829-B63A-598E5BFC81BC}"
	ProjectSection(ProjectDependencies) = postProject
		{AFA7E20B-A78A-40E9-9639-D131D035C265} = {AFA7E20B-A78A-40E9-9639-D131D035C265}
		{D71CA80E-7EBA-4ED2-9529-A2A309A43B95} = {D71CA80E-7EBA-4ED2-9529-A2A309A43B95}
		{9494C92C-AF42-4897-B488-B5B416C2D392} = {9494C92C-AF42-4897-B488-B5B416C2D392}
		{0986A335-5EDA-4F16-8AB2-A8FA8DC5702B} = {0986A335-5EDA-4F16-8AB2-A8FA8DC5702B}
		{06BE7A3D-800D-4665-A250-9DB588CE7BBE} = {06BE7A3D-800D-4665-A250-9DB588CE7BBE}
		{1D545AC8-59EA-48C7-A006-C92F0C19633C} = {1D545AC8-59EA-48C7-A006-C92F0C19633C}
	EndProjectSection
EndProject
Project("{8BC9CEB8-8B4A-11D0-8D11-00A0C91BC942}") = "libasiodns", "libasiodns\libasiodns.vcproj", "{2BE3E9BE-0536-42F4-8932-827C6C172109}"
	ProjectSection(ProjectDependencies) = postProject
		{D71CA80E-7EBA-4ED2-9529-A2A309A43B95} = {D71CA80E-7EBA-4ED2-9529-A2A309A43B95}
	EndProjectSection
EndProject
Project("{8BC9CEB8-8B4A-11D0-8D11-00A0C91BC942}") = "libasiodns_tests", "libasiodns_tests\libasiodns_tests.vcproj", "{07413DBE-6012-422E-8531-2F7579C2C800}"
	ProjectSection(ProjectDependencies) = postProject
		{AFA7E20B-A78A-40E9-9639-D131D035C265} = {AFA7E20B-A78A-40E9-9639-D131D035C265}
		{D71CA80E-7EBA-4ED2-9529-A2A309A43B95} = {D71CA80E-7EBA-4ED2-9529-A2A309A43B95}
		{9494C92C-AF42-4897-B488-B5B416C2D392} = {9494C92C-AF42-4897-B488-B5B416C2D392}
		{0986A335-5EDA-4F16-8AB2-A8FA8DC5702B} = {0986A335-5EDA-4F16-8AB2-A8FA8DC5702B}
		{06BE7A3D-800D-4665-A250-9DB588CE7BBE} = {06BE7A3D-800D-4665-A250-9DB588CE7BBE}
		{F4D89262-37A8-401B-8ABD-D0E18E13E5D1} = {F4D89262-37A8-401B-8ABD-D0E18E13E5D1}
		{2BE3E9BE-0536-42F4-8932-827C6C172109} = {2BE3E9BE-0536-42F4-8932-827C6C172109}
		{1D545AC8-59EA-48C7-A006-C92F0C19633C} = {1D545AC8-59EA-48C7-A006-C92F0C19633C}
	EndProjectSection
EndProject
Project("{8BC9CEB8-8B4A-11D0-8D11-00A0C91BC942}") = "libnsas", "libnsas\libnsas.vcproj", "{99F5B212-3D33-4B0E-9878-82FEF4CC0FD0}"
	ProjectSection(ProjectDependencies) = postProject
		{2BE3E9BE-0536-42F4-8932-827C6C172109} = {2BE3E9BE-0536-42F4-8932-827C6C172109}
	EndProjectSection
EndProject
Project("{8BC9CEB8-8B4A-11D0-8D11-00A0C91BC942}") = "libnsas_tests", "libnsas_tests\libnsas_tests.vcproj", "{F25691DE-F8D2-4CFC-8053-67539BD53AD4}"
	ProjectSection(ProjectDependencies) = postProject
		{AFA7E20B-A78A-40E9-9639-D131D035C265} = {AFA7E20B-A78A-40E9-9639-D131D035C265}
		{D71CA80E-7EBA-4ED2-9529-A2A309A43B95} = {D71CA80E-7EBA-4ED2-9529-A2A309A43B95}
		{99F5B212-3D33-4B0E-9878-82FEF4CC0FD0} = {99F5B212-3D33-4B0E-9878-82FEF4CC0FD0}
		{9494C92C-AF42-4897-B488-B5B416C2D392} = {9494C92C-AF42-4897-B488-B5B416C2D392}
		{0986A335-5EDA-4F16-8AB2-A8FA8DC5702B} = {0986A335-5EDA-4F16-8AB2-A8FA8DC5702B}
		{06BE7A3D-800D-4665-A250-9DB588CE7BBE} = {06BE7A3D-800D-4665-A250-9DB588CE7BBE}
		{F4D89262-37A8-401B-8ABD-D0E18E13E5D1} = {F4D89262-37A8-401B-8ABD-D0E18E13E5D1}
		{1D545AC8-59EA-48C7-A006-C92F0C19633C} = {1D545AC8-59EA-48C7-A006-C92F0C19633C}
	EndProjectSection
EndProject
Project("{8BC9CEB8-8B4A-11D0-8D11-00A0C91BC942}") = "libcache", "libcache\libcache.vcproj", "{7D9DD35B-A97E-4EF9-8FCA-2D85F8EA649E}"
	ProjectSection(ProjectDependencies) = postProject
		{99F5B212-3D33-4B0E-9878-82FEF4CC0FD0} = {99F5B212-3D33-4B0E-9878-82FEF4CC0FD0}
	EndProjectSection
EndProject
Project("{8BC9CEB8-8B4A-11D0-8D11-00A0C91BC942}") = "libcache_tests", "libcache_tests\libcache_tests.vcproj", "{965D13E1-0E6C-46BF-AFDB-ABFBAFFAA2F4}"
	ProjectSection(ProjectDependencies) = postProject
		{AFA7E20B-A78A-40E9-9639-D131D035C265} = {AFA7E20B-A78A-40E9-9639-D131D035C265}
		{D71CA80E-7EBA-4ED2-9529-A2A309A43B95} = {D71CA80E-7EBA-4ED2-9529-A2A309A43B95}
		{99F5B212-3D33-4B0E-9878-82FEF4CC0FD0} = {99F5B212-3D33-4B0E-9878-82FEF4CC0FD0}
		{9494C92C-AF42-4897-B488-B5B416C2D392} = {9494C92C-AF42-4897-B488-B5B416C2D392}
		{0986A335-5EDA-4F16-8AB2-A8FA8DC5702B} = {0986A335-5EDA-4F16-8AB2-A8FA8DC5702B}
		{06BE7A3D-800D-4665-A250-9DB588CE7BBE} = {06BE7A3D-800D-4665-A250-9DB588CE7BBE}
		{7D9DD35B-A97E-4EF9-8FCA-2D85F8EA649E} = {7D9DD35B-A97E-4EF9-8FCA-2D85F8EA649E}
		{F4D89262-37A8-401B-8ABD-D0E18E13E5D1} = {F4D89262-37A8-401B-8ABD-D0E18E13E5D1}
		{1D545AC8-59EA-48C7-A006-C92F0C19633C} = {1D545AC8-59EA-48C7-A006-C92F0C19633C}
	EndProjectSection
EndProject
Project("{8BC9CEB8-8B4A-11D0-8D11-00A0C91BC942}") = "libresolve", "libresolve\libresolve.vcproj", "{38F600CA-1FAF-4BF2-A4D5-B82569C156BC}"
	ProjectSection(ProjectDependencies) = postProject
		{7D9DD35B-A97E-4EF9-8FCA-2D85F8EA649E} = {7D9DD35B-A97E-4EF9-8FCA-2D85F8EA649E}
	EndProjectSection
EndProject
Project("{8BC9CEB8-8B4A-11D0-8D11-00A0C91BC942}") = "libresolve_tests", "libresolve_tests\libresolve_tests.vcproj", "{593ECCEC-BB6C-449A-911A-6214460AE993}"
	ProjectSection(ProjectDependencies) = postProject
		{AFA7E20B-A78A-40E9-9639-D131D035C265} = {AFA7E20B-A78A-40E9-9639-D131D035C265}
		{D71CA80E-7EBA-4ED2-9529-A2A309A43B95} = {D71CA80E-7EBA-4ED2-9529-A2A309A43B95}
		{99F5B212-3D33-4B0E-9878-82FEF4CC0FD0} = {99F5B212-3D33-4B0E-9878-82FEF4CC0FD0}
		{9494C92C-AF42-4897-B488-B5B416C2D392} = {9494C92C-AF42-4897-B488-B5B416C2D392}
		{0986A335-5EDA-4F16-8AB2-A8FA8DC5702B} = {0986A335-5EDA-4F16-8AB2-A8FA8DC5702B}
		{06BE7A3D-800D-4665-A250-9DB588CE7BBE} = {06BE7A3D-800D-4665-A250-9DB588CE7BBE}
		{7D9DD35B-A97E-4EF9-8FCA-2D85F8EA649E} = {7D9DD35B-A97E-4EF9-8FCA-2D85F8EA649E}
		{F4D89262-37A8-401B-8ABD-D0E18E13E5D1} = {F4D89262-37A8-401B-8ABD-D0E18E13E5D1}
		{2BE3E9BE-0536-42F4-8932-827C6C172109} = {2BE3E9BE-0536-42F4-8932-827C6C172109}
		{1D545AC8-59EA-48C7-A006-C92F0C19633C} = {1D545AC8-59EA-48C7-A006-C92F0C19633C}
		{38F600CA-1FAF-4BF2-A4D5-B82569C156BC} = {38F600CA-1FAF-4BF2-A4D5-B82569C156BC}
	EndProjectSection
EndProject
Project("{8BC9CEB8-8B4A-11D0-8D11-00A0C91BC942}") = "libtestutils", "libtestutils\libtestutils.vcproj", "{AB83FDCD-7D87-4866-A490-75DFAB68B361}"
	ProjectSection(ProjectDependencies) = postProject
		{38F600CA-1FAF-4BF2-A4D5-B82569C156BC} = {38F600CA-1FAF-4BF2-A4D5-B82569C156BC}
	EndProjectSection
EndProject
Project("{8BC9CEB8-8B4A-11D0-8D11-00A0C91BC942}") = "libdatasrc", "libdatasrc\libdatasrc.vcproj", "{79A26930-8CC4-4D98-A899-B4FDF1CE4DC5}"
	ProjectSection(ProjectDependencies) = postProject
		{AB83FDCD-7D87-4866-A490-75DFAB68B361} = {AB83FDCD-7D87-4866-A490-75DFAB68B361}
	EndProjectSection
EndProject
Project("{8BC9CEB8-8B4A-11D0-8D11-00A0C91BC942}") = "libdatasrc_tests", "libdatasrc_tests\libdatasrc_tests.vcproj", "{639C8A1D-99DF-4ACA-9755-A51E77FC6EC4}"
	ProjectSection(ProjectDependencies) = postProject
		{AFA7E20B-A78A-40E9-9639-D131D035C265} = {AFA7E20B-A78A-40E9-9639-D131D035C265}
		{9494C92C-AF42-4897-B488-B5B416C2D392} = {9494C92C-AF42-4897-B488-B5B416C2D392}
		{0986A335-5EDA-4F16-8AB2-A8FA8DC5702B} = {0986A335-5EDA-4F16-8AB2-A8FA8DC5702B}
		{06BE7A3D-800D-4665-A250-9DB588CE7BBE} = {06BE7A3D-800D-4665-A250-9DB588CE7BBE}
		{F4D89262-37A8-401B-8ABD-D0E18E13E5D1} = {F4D89262-37A8-401B-8ABD-D0E18E13E5D1}
		{E8E425A1-74C4-43B2-9DE9-F59E496333F0} = {E8E425A1-74C4-43B2-9DE9-F59E496333F0}
		{1D545AC8-59EA-48C7-A006-C92F0C19633C} = {1D545AC8-59EA-48C7-A006-C92F0C19633C}
		{AB83FDCD-7D87-4866-A490-75DFAB68B361} = {AB83FDCD-7D87-4866-A490-75DFAB68B361}
	EndProjectSection
EndProject
Project("{8BC9CEB8-8B4A-11D0-8D11-00A0C91BC942}") = "libserver_common", "libserver_common\libserver_common.vcproj", "{AB337F8E-F8DD-4013-9638-8585BF087158}"
	ProjectSection(ProjectDependencies) = postProject
		{79A26930-8CC4-4D98-A899-B4FDF1CE4DC5} = {79A26930-8CC4-4D98-A899-B4FDF1CE4DC5}
	EndProjectSection
EndProject
Project("{8BC9CEB8-8B4A-11D0-8D11-00A0C91BC942}") = "libserver_common_tests", "libserver_common_tests\libserver_common_tests.vcproj", "{AA3B87DA-D863-46D6-9B6C-CFEC091BAC10}"
	ProjectSection(ProjectDependencies) = postProject
		{AFA7E20B-A78A-40E9-9639-D131D035C265} = {AFA7E20B-A78A-40E9-9639-D131D035C265}
		{D71CA80E-7EBA-4ED2-9529-A2A309A43B95} = {D71CA80E-7EBA-4ED2-9529-A2A309A43B95}
		{9494C92C-AF42-4897-B488-B5B416C2D392} = {9494C92C-AF42-4897-B488-B5B416C2D392}
		{0986A335-5EDA-4F16-8AB2-A8FA8DC5702B} = {0986A335-5EDA-4F16-8AB2-A8FA8DC5702B}
		{06BE7A3D-800D-4665-A250-9DB588CE7BBE} = {06BE7A3D-800D-4665-A250-9DB588CE7BBE}
		{3E487E5C-9AE5-4F08-ACCC-448B0C0BE732} = {3E487E5C-9AE5-4F08-ACCC-448B0C0BE732}
		{F4D89262-37A8-401B-8ABD-D0E18E13E5D1} = {F4D89262-37A8-401B-8ABD-D0E18E13E5D1}
		{69A17480-26D6-4E58-A3C4-0EE726E80A7C} = {69A17480-26D6-4E58-A3C4-0EE726E80A7C}
		{AB337F8E-F8DD-4013-9638-8585BF087158} = {AB337F8E-F8DD-4013-9638-8585BF087158}
		{E8E425A1-74C4-43B2-9DE9-F59E496333F0} = {E8E425A1-74C4-43B2-9DE9-F59E496333F0}
		{2BE3E9BE-0536-42F4-8932-827C6C172109} = {2BE3E9BE-0536-42F4-8932-827C6C172109}
		{1D545AC8-59EA-48C7-A006-C92F0C19633C} = {1D545AC8-59EA-48C7-A006-C92F0C19633C}
		{99678BE6-B8EB-4740-9E67-C90C84158785} = {99678BE6-B8EB-4740-9E67-C90C84158785}
	EndProjectSection
EndProject
Project("{8BC9CEB8-8B4A-11D0-8D11-00A0C91BC942}") = "libbench", "libbench\libbench.vcproj", "{490FACD4-B54B-40A7-A39F-2EB60B307CEC}"
	ProjectSection(ProjectDependencies) = postProject
		{101C12A4-E84C-4751-A3C6-CB72DE3A4ABC} = {101C12A4-E84C-4751-A3C6-CB72DE3A4ABC}
	EndProjectSection
EndProject
Project("{8BC9CEB8-8B4A-11D0-8D11-00A0C91BC942}") = "libbench_tests", "libbench_tests\libbench_tests.vcproj", "{42347681-5872-4D67-9E6B-CD0AA822DEE4}"
	ProjectSection(ProjectDependencies) = postProject
		{AFA7E20B-A78A-40E9-9639-D131D035C265} = {AFA7E20B-A78A-40E9-9639-D131D035C265}
		{0986A335-5EDA-4F16-8AB2-A8FA8DC5702B} = {0986A335-5EDA-4F16-8AB2-A8FA8DC5702B}
		{06BE7A3D-800D-4665-A250-9DB588CE7BBE} = {06BE7A3D-800D-4665-A250-9DB588CE7BBE}
		{F4D89262-37A8-401B-8ABD-D0E18E13E5D1} = {F4D89262-37A8-401B-8ABD-D0E18E13E5D1}
		{1D545AC8-59EA-48C7-A006-C92F0C19633C} = {1D545AC8-59EA-48C7-A006-C92F0C19633C}
		{490FACD4-B54B-40A7-A39F-2EB60B307CEC} = {490FACD4-B54B-40A7-A39F-2EB60B307CEC}
	EndProjectSection
EndProject
Project("{8BC9CEB8-8B4A-11D0-8D11-00A0C91BC942}") = "libbench_example", "libbench_example\libbench_example.vcproj", "{5E884AFC-FB00-4045-A339-113F36D12C86}"
	ProjectSection(ProjectDependencies) = postProject
		{1D545AC8-59EA-48C7-A006-C92F0C19633C} = {1D545AC8-59EA-48C7-A006-C92F0C19633C}
	EndProjectSection
EndProject
Project("{8BC9CEB8-8B4A-11D0-8D11-00A0C91BC942}") = "libdns++_benchmarks", "libdns++_benchmarks\libdns++_benchmarks.vcproj", "{9ABB5EB9-7742-4EBE-955A-0AE81B5878BA}"
	ProjectSection(ProjectDependencies) = postProject
		{AFA7E20B-A78A-40E9-9639-D131D035C265} = {AFA7E20B-A78A-40E9-9639-D131D035C265}
		{0986A335-5EDA-4F16-8AB2-A8FA8DC5702B} = {0986A335-5EDA-4F16-8AB2-A8FA8DC5702B}
		{06BE7A3D-800D-4665-A250-9DB588CE7BBE} = {06BE7A3D-800D-4665-A250-9DB588CE7BBE}
		{1D545AC8-59EA-48C7-A006-C92F0C19633C} = {1D545AC8-59EA-48C7-A006-C92F0C19633C}
	EndProjectSection
EndProject
Project("{8BC9CEB8-8B4A-11D0-8D11-00A0C91BC942}") = "libutil_io", "libutil_io\libutil_io.vcproj", "{E1DCE3BE-46BC-444F-927C-714414FDC457}"
	ProjectSection(ProjectDependencies) = postProject
		{0986A335-5EDA-4F16-8AB2-A8FA8DC5702B} = {0986A335-5EDA-4F16-8AB2-A8FA8DC5702B}
	EndProjectSection
EndProject
Project("{8BC9CEB8-8B4A-11D0-8D11-00A0C91BC942}") = "libxfr", "libxfr\libxfr.vcproj", "{101C12A4-E84C-4751-A3C6-CB72DE3A4ABC}"
	ProjectSection(ProjectDependencies) = postProject
		{2E6C27B1-94FA-4C1B-8338-1A650E05B375} = {2E6C27B1-94FA-4C1B-8338-1A650E05B375}
	EndProjectSection
EndProject
Project("{8BC9CEB8-8B4A-11D0-8D11-00A0C91BC942}") = "libfake_session", "libfake_session\libfake_session.vcproj", "{3E487E5C-9AE5-4F08-ACCC-448B0C0BE732}"
	ProjectSection(ProjectDependencies) = postProject
		{99678BE6-B8EB-4740-9E67-C90C84158785} = {99678BE6-B8EB-4740-9E67-C90C84158785}
	EndProjectSection
EndProject
Project("{8BC9CEB8-8B4A-11D0-8D11-00A0C91BC942}") = "pydutil_io", "pydutil_io\pydutil_io.vcproj", "{D20A3656-A6C5-4838-B20B-0329DE0AB187}"
	ProjectSection(ProjectDependencies) = postProject
		{E1DCE3BE-46BC-444F-927C-714414FDC457} = {E1DCE3BE-46BC-444F-927C-714414FDC457}
	EndProjectSection
EndProject
Project("{8BC9CEB8-8B4A-11D0-8D11-00A0C91BC942}") = "pyddns++", "pyddns++\pyddns++.vcproj", "{C5617D33-76BA-4388-AB0E-FC06CFAAA865}"
	ProjectSection(ProjectDependencies) = postProject
		{8AAF0639-A368-4BE2-81E1-668D0C81FB8F} = {8AAF0639-A368-4BE2-81E1-668D0C81FB8F}
	EndProjectSection
EndProject
Project("{8BC9CEB8-8B4A-11D0-8D11-00A0C91BC942}") = "libacl", "libacl\libacl.vcproj", "{69A17480-26D6-4E58-A3C4-0EE726E80A7C}"
	ProjectSection(ProjectDependencies) = postProject
		{3E487E5C-9AE5-4F08-ACCC-448B0C0BE732} = {3E487E5C-9AE5-4F08-ACCC-448B0C0BE732}
	EndProjectSection
EndProject
Project("{8BC9CEB8-8B4A-11D0-8D11-00A0C91BC942}") = "libdnsacl", "libdnsacl\libdnsacl.vcproj", "{2E6C27B1-94FA-4C1B-8338-1A650E05B375}"
	ProjectSection(ProjectDependencies) = postProject
		{69A17480-26D6-4E58-A3C4-0EE726E80A7C} = {69A17480-26D6-4E58-A3C4-0EE726E80A7C}
	EndProjectSection
EndProject
Project("{8BC9CEB8-8B4A-11D0-8D11-00A0C91BC942}") = "libacl_tests", "libacl_tests\libacl_tests.vcproj", "{540ADC90-BF19-4F34-8D44-B415EAEF2338}"
	ProjectSection(ProjectDependencies) = postProject
		{AFA7E20B-A78A-40E9-9639-D131D035C265} = {AFA7E20B-A78A-40E9-9639-D131D035C265}
		{9494C92C-AF42-4897-B488-B5B416C2D392} = {9494C92C-AF42-4897-B488-B5B416C2D392}
		{0986A335-5EDA-4F16-8AB2-A8FA8DC5702B} = {0986A335-5EDA-4F16-8AB2-A8FA8DC5702B}
		{06BE7A3D-800D-4665-A250-9DB588CE7BBE} = {06BE7A3D-800D-4665-A250-9DB588CE7BBE}
		{69A17480-26D6-4E58-A3C4-0EE726E80A7C} = {69A17480-26D6-4E58-A3C4-0EE726E80A7C}
		{E8E425A1-74C4-43B2-9DE9-F59E496333F0} = {E8E425A1-74C4-43B2-9DE9-F59E496333F0}
		{2E6C27B1-94FA-4C1B-8338-1A650E05B375} = {2E6C27B1-94FA-4C1B-8338-1A650E05B375}
		{1D545AC8-59EA-48C7-A006-C92F0C19633C} = {1D545AC8-59EA-48C7-A006-C92F0C19633C}
	EndProjectSection
EndProject
Project("{8BC9CEB8-8B4A-11D0-8D11-00A0C91BC942}") = "libdhcp", "libdhcp\libdhcp.vcproj", "{3ADF20CD-D230-4911-8BC6-5D394EF54A95}"
	ProjectSection(ProjectDependencies) = postProject
		{AB337F8E-F8DD-4013-9638-8585BF087158} = {AB337F8E-F8DD-4013-9638-8585BF087158}
	EndProjectSection
EndProject
Project("{8BC9CEB8-8B4A-11D0-8D11-00A0C91BC942}") = "libdhcp_tests", "libdhcp_tests\libdhcp_tests.vcproj", "{9C6C5E00-5D4F-4149-88A7-AFDCDC7C5017}"
	ProjectSection(ProjectDependencies) = postProject
		{D71CA80E-7EBA-4ED2-9529-A2A309A43B95} = {D71CA80E-7EBA-4ED2-9529-A2A309A43B95}
		{9494C92C-AF42-4897-B488-B5B416C2D392} = {9494C92C-AF42-4897-B488-B5B416C2D392}
		{0986A335-5EDA-4F16-8AB2-A8FA8DC5702B} = {0986A335-5EDA-4F16-8AB2-A8FA8DC5702B}
		{06BE7A3D-800D-4665-A250-9DB588CE7BBE} = {06BE7A3D-800D-4665-A250-9DB588CE7BBE}
		{1D545AC8-59EA-48C7-A006-C92F0C19633C} = {1D545AC8-59EA-48C7-A006-C92F0C19633C}
		{3ADF20CD-D230-4911-8BC6-5D394EF54A95} = {3ADF20CD-D230-4911-8BC6-5D394EF54A95}
	EndProjectSection
EndProject
Project("{8BC9CEB8-8B4A-11D0-8D11-00A0C91BC942}") = "liblog_example", "liblog_example\liblog_example.vcproj", "{7CFE4391-06F6-4DB2-B631-04BC5D4A40CE}"
	ProjectSection(ProjectDependencies) = postProject
		{9494C92C-AF42-4897-B488-B5B416C2D392} = {9494C92C-AF42-4897-B488-B5B416C2D392}
		{0986A335-5EDA-4F16-8AB2-A8FA8DC5702B} = {0986A335-5EDA-4F16-8AB2-A8FA8DC5702B}
		{1D545AC8-59EA-48C7-A006-C92F0C19633C} = {1D545AC8-59EA-48C7-A006-C92F0C19633C}
	EndProjectSection
EndProject
Project("{8BC9CEB8-8B4A-11D0-8D11-00A0C91BC942}") = "liblog_iltest", "liblog_iltest\liblog_iltest.vcproj", "{11EA2746-8E45-4146-86F3-301DEC338E8B}"
	ProjectSection(ProjectDependencies) = postProject
		{9494C92C-AF42-4897-B488-B5B416C2D392} = {9494C92C-AF42-4897-B488-B5B416C2D392}
		{0986A335-5EDA-4F16-8AB2-A8FA8DC5702B} = {0986A335-5EDA-4F16-8AB2-A8FA8DC5702B}
		{1D545AC8-59EA-48C7-A006-C92F0C19633C} = {1D545AC8-59EA-48C7-A006-C92F0C19633C}
	EndProjectSection
EndProject
Project("{8BC9CEB8-8B4A-11D0-8D11-00A0C91BC942}") = "pydacl", "pydacl\pydacl.vcproj", "{C138D564-102E-42AB-947B-C96B0F4A0A1A}"
	ProjectSection(ProjectDependencies) = postProject
		{69A17480-26D6-4E58-A3C4-0EE726E80A7C} = {69A17480-26D6-4E58-A3C4-0EE726E80A7C}
		{1D545AC8-59EA-48C7-A006-C92F0C19633C} = {1D545AC8-59EA-48C7-A006-C92F0C19633C}
	EndProjectSection
EndProject
Project("{8BC9CEB8-8B4A-11D0-8D11-00A0C91BC942}") = "pyddnsacl", "pyddnsacl\pyddnsacl.vcproj", "{50427469-52BA-4961-80AF-7591198BB1D2}"
	ProjectSection(ProjectDependencies) = postProject
		{AFA7E20B-A78A-40E9-9639-D131D035C265} = {AFA7E20B-A78A-40E9-9639-D131D035C265}
		{69A17480-26D6-4E58-A3C4-0EE726E80A7C} = {69A17480-26D6-4E58-A3C4-0EE726E80A7C}
		{E8E425A1-74C4-43B2-9DE9-F59E496333F0} = {E8E425A1-74C4-43B2-9DE9-F59E496333F0}
		{2E6C27B1-94FA-4C1B-8338-1A650E05B375} = {2E6C27B1-94FA-4C1B-8338-1A650E05B375}
		{1D545AC8-59EA-48C7-A006-C92F0C19633C} = {1D545AC8-59EA-48C7-A006-C92F0C19633C}
	EndProjectSection
EndProject
Project("{8BC9CEB8-8B4A-11D0-8D11-00A0C91BC942}") = "pyddatasrc", "pyddatasrc\pyddatasrc.vcproj", "{B564FA1E-1B2F-42A9-9A2F-F340DC430848}"
	ProjectSection(ProjectDependencies) = postProject
		{AFA7E20B-A78A-40E9-9639-D131D035C265} = {AFA7E20B-A78A-40E9-9639-D131D035C265}
		{9494C92C-AF42-4897-B488-B5B416C2D392} = {9494C92C-AF42-4897-B488-B5B416C2D392}
		{79A26930-8CC4-4D98-A899-B4FDF1CE4DC5} = {79A26930-8CC4-4D98-A899-B4FDF1CE4DC5}
		{0986A335-5EDA-4F16-8AB2-A8FA8DC5702B} = {0986A335-5EDA-4F16-8AB2-A8FA8DC5702B}
		{8AAF0639-A368-4BE2-81E1-668D0C81FB8F} = {8AAF0639-A368-4BE2-81E1-668D0C81FB8F}
		{F4D89262-37A8-401B-8ABD-D0E18E13E5D1} = {F4D89262-37A8-401B-8ABD-D0E18E13E5D1}
		{E8E425A1-74C4-43B2-9DE9-F59E496333F0} = {E8E425A1-74C4-43B2-9DE9-F59E496333F0}
		{1D545AC8-59EA-48C7-A006-C92F0C19633C} = {1D545AC8-59EA-48C7-A006-C92F0C19633C}
	EndProjectSection
EndProject
Project("{8BC9CEB8-8B4A-11D0-8D11-00A0C91BC942}") = "pydlog", "pydlog\pydlog.vcproj", "{B14E334B-B2E5-4A7E-8A55-157BD70ECBE5}"
	ProjectSection(ProjectDependencies) = postProject
		{9494C92C-AF42-4897-B488-B5B416C2D392} = {9494C92C-AF42-4897-B488-B5B416C2D392}
		{0986A335-5EDA-4F16-8AB2-A8FA8DC5702B} = {0986A335-5EDA-4F16-8AB2-A8FA8DC5702B}
		{E8E425A1-74C4-43B2-9DE9-F59E496333F0} = {E8E425A1-74C4-43B2-9DE9-F59E496333F0}
		{1D545AC8-59EA-48C7-A006-C92F0C19633C} = {1D545AC8-59EA-48C7-A006-C92F0C19633C}
		{99678BE6-B8EB-4740-9E67-C90C84158785} = {99678BE6-B8EB-4740-9E67-C90C84158785}
	EndProjectSection
EndProject
Project("{8BC9CEB8-8B4A-11D0-8D11-00A0C91BC942}") = "b10-host", "b10-host\b10-host.vcproj", "{BBF802E6-B6CB-4C58-A0FD-C2DF0F2ADEC2}"
	ProjectSection(ProjectDependencies) = postProject
		{AFA7E20B-A78A-40E9-9639-D131D035C265} = {AFA7E20B-A78A-40E9-9639-D131D035C265}
		{0986A335-5EDA-4F16-8AB2-A8FA8DC5702B} = {0986A335-5EDA-4F16-8AB2-A8FA8DC5702B}
		{F4D89262-37A8-401B-8ABD-D0E18E13E5D1} = {F4D89262-37A8-401B-8ABD-D0E18E13E5D1}
		{1D545AC8-59EA-48C7-A006-C92F0C19633C} = {1D545AC8-59EA-48C7-A006-C92F0C19633C}
	EndProjectSection
EndProject
Project("{8BC9CEB8-8B4A-11D0-8D11-00A0C91BC942}") = "b10-resolver", "b10-resolver\b10-resolver.vcproj", "{2F08DDA1-4175-45E0-92C1-D5919199F543}"
	ProjectSection(ProjectDependencies) = postProject
		{AFA7E20B-A78A-40E9-9639-D131D035C265} = {AFA7E20B-A78A-40E9-9639-D131D035C265}
		{D71CA80E-7EBA-4ED2-9529-A2A309A43B95} = {D71CA80E-7EBA-4ED2-9529-A2A309A43B95}
		{99F5B212-3D33-4B0E-9878-82FEF4CC0FD0} = {99F5B212-3D33-4B0E-9878-82FEF4CC0FD0}
		{9494C92C-AF42-4897-B488-B5B416C2D392} = {9494C92C-AF42-4897-B488-B5B416C2D392}
		{0986A335-5EDA-4F16-8AB2-A8FA8DC5702B} = {0986A335-5EDA-4F16-8AB2-A8FA8DC5702B}
		{7D9DD35B-A97E-4EF9-8FCA-2D85F8EA649E} = {7D9DD35B-A97E-4EF9-8FCA-2D85F8EA649E}
		{F4D89262-37A8-401B-8ABD-D0E18E13E5D1} = {F4D89262-37A8-401B-8ABD-D0E18E13E5D1}
		{69A17480-26D6-4E58-A3C4-0EE726E80A7C} = {69A17480-26D6-4E58-A3C4-0EE726E80A7C}
		{AB337F8E-F8DD-4013-9638-8585BF087158} = {AB337F8E-F8DD-4013-9638-8585BF087158}
		{E8E425A1-74C4-43B2-9DE9-F59E496333F0} = {E8E425A1-74C4-43B2-9DE9-F59E496333F0}
		{2E6C27B1-94FA-4C1B-8338-1A650E05B375} = {2E6C27B1-94FA-4C1B-8338-1A650E05B375}
		{2BE3E9BE-0536-42F4-8932-827C6C172109} = {2BE3E9BE-0536-42F4-8932-827C6C172109}
		{1D545AC8-59EA-48C7-A006-C92F0C19633C} = {1D545AC8-59EA-48C7-A006-C92F0C19633C}
		{38F600CA-1FAF-4BF2-A4D5-B82569C156BC} = {38F600CA-1FAF-4BF2-A4D5-B82569C156BC}
		{99678BE6-B8EB-4740-9E67-C90C84158785} = {99678BE6-B8EB-4740-9E67-C90C84158785}
	EndProjectSection
EndProject
Project("{8BC9CEB8-8B4A-11D0-8D11-00A0C91BC942}") = "b10-resolver_tests", "b10-resolver_tests\b10-resolver_tests.vcproj", "{197FDB8D-FAE9-498A-B55B-E009932CD196}"
	ProjectSection(ProjectDependencies) = postProject
		{AFA7E20B-A78A-40E9-9639-D131D035C265} = {AFA7E20B-A78A-40E9-9639-D131D035C265}
		{D71CA80E-7EBA-4ED2-9529-A2A309A43B95} = {D71CA80E-7EBA-4ED2-9529-A2A309A43B95}
		{99F5B212-3D33-4B0E-9878-82FEF4CC0FD0} = {99F5B212-3D33-4B0E-9878-82FEF4CC0FD0}
		{9494C92C-AF42-4897-B488-B5B416C2D392} = {9494C92C-AF42-4897-B488-B5B416C2D392}
		{0986A335-5EDA-4F16-8AB2-A8FA8DC5702B} = {0986A335-5EDA-4F16-8AB2-A8FA8DC5702B}
		{06BE7A3D-800D-4665-A250-9DB588CE7BBE} = {06BE7A3D-800D-4665-A250-9DB588CE7BBE}
		{7D9DD35B-A97E-4EF9-8FCA-2D85F8EA649E} = {7D9DD35B-A97E-4EF9-8FCA-2D85F8EA649E}
		{F4D89262-37A8-401B-8ABD-D0E18E13E5D1} = {F4D89262-37A8-401B-8ABD-D0E18E13E5D1}
		{69A17480-26D6-4E58-A3C4-0EE726E80A7C} = {69A17480-26D6-4E58-A3C4-0EE726E80A7C}
		{AB337F8E-F8DD-4013-9638-8585BF087158} = {AB337F8E-F8DD-4013-9638-8585BF087158}
		{E8E425A1-74C4-43B2-9DE9-F59E496333F0} = {E8E425A1-74C4-43B2-9DE9-F59E496333F0}
		{2F08DDA1-4175-45E0-92C1-D5919199F543} = {2F08DDA1-4175-45E0-92C1-D5919199F543}
		{2E6C27B1-94FA-4C1B-8338-1A650E05B375} = {2E6C27B1-94FA-4C1B-8338-1A650E05B375}
		{2BE3E9BE-0536-42F4-8932-827C6C172109} = {2BE3E9BE-0536-42F4-8932-827C6C172109}
		{1D545AC8-59EA-48C7-A006-C92F0C19633C} = {1D545AC8-59EA-48C7-A006-C92F0C19633C}
		{38F600CA-1FAF-4BF2-A4D5-B82569C156BC} = {38F600CA-1FAF-4BF2-A4D5-B82569C156BC}
		{AB83FDCD-7D87-4866-A490-75DFAB68B361} = {AB83FDCD-7D87-4866-A490-75DFAB68B361}
		{99678BE6-B8EB-4740-9E67-C90C84158785} = {99678BE6-B8EB-4740-9E67-C90C84158785}
	EndProjectSection
EndProject
Project("{8BC9CEB8-8B4A-11D0-8D11-00A0C91BC942}") = "b10-dhcp6", "b10-dhcp6\b10-dhcp6.vcproj", "{3D19B634-75D8-4E99-8AF6-032AA67B0353}"
	ProjectSection(ProjectDependencies) = postProject
		{D71CA80E-7EBA-4ED2-9529-A2A309A43B95} = {D71CA80E-7EBA-4ED2-9529-A2A309A43B95}
		{9494C92C-AF42-4897-B488-B5B416C2D392} = {9494C92C-AF42-4897-B488-B5B416C2D392}
		{0986A335-5EDA-4F16-8AB2-A8FA8DC5702B} = {0986A335-5EDA-4F16-8AB2-A8FA8DC5702B}
		{E8E425A1-74C4-43B2-9DE9-F59E496333F0} = {E8E425A1-74C4-43B2-9DE9-F59E496333F0}
		{1D545AC8-59EA-48C7-A006-C92F0C19633C} = {1D545AC8-59EA-48C7-A006-C92F0C19633C}
		{3ADF20CD-D230-4911-8BC6-5D394EF54A95} = {3ADF20CD-D230-4911-8BC6-5D394EF54A95}
		{99678BE6-B8EB-4740-9E67-C90C84158785} = {99678BE6-B8EB-4740-9E67-C90C84158785}
	EndProjectSection
EndProject
Project("{8BC9CEB8-8B4A-11D0-8D11-00A0C91BC942}") = "b10-dhcp6_tests", "b10-dhcp6_tests\b10-dhcp6_tests.vcproj", "{C40A319A-A08A-4482-A68D-2A5754778D7D}"
	ProjectSection(ProjectDependencies) = postProject
		{D71CA80E-7EBA-4ED2-9529-A2A309A43B95} = {D71CA80E-7EBA-4ED2-9529-A2A309A43B95}
		{9494C92C-AF42-4897-B488-B5B416C2D392} = {9494C92C-AF42-4897-B488-B5B416C2D392}
		{3D19B634-75D8-4E99-8AF6-032AA67B0353} = {3D19B634-75D8-4E99-8AF6-032AA67B0353}
		{0986A335-5EDA-4F16-8AB2-A8FA8DC5702B} = {0986A335-5EDA-4F16-8AB2-A8FA8DC5702B}
		{06BE7A3D-800D-4665-A250-9DB588CE7BBE} = {06BE7A3D-800D-4665-A250-9DB588CE7BBE}
		{E8E425A1-74C4-43B2-9DE9-F59E496333F0} = {E8E425A1-74C4-43B2-9DE9-F59E496333F0}
		{1D545AC8-59EA-48C7-A006-C92F0C19633C} = {1D545AC8-59EA-48C7-A006-C92F0C19633C}
		{3ADF20CD-D230-4911-8BC6-5D394EF54A95} = {3ADF20CD-D230-4911-8BC6-5D394EF54A95}
		{99678BE6-B8EB-4740-9E67-C90C84158785} = {99678BE6-B8EB-4740-9E67-C90C84158785}
	EndProjectSection
EndProject
Project("{8BC9CEB8-8B4A-11D0-8D11-00A0C91BC942}") = "tt-badpacket", "tt-badpacket\tt-badpacket.vcproj", "{09471D02-D601-4EFA-B342-0DCFE9082737}"
	ProjectSection(ProjectDependencies) = postProject
		{AFA7E20B-A78A-40E9-9639-D131D035C265} = {AFA7E20B-A78A-40E9-9639-D131D035C265}
		{D71CA80E-7EBA-4ED2-9529-A2A309A43B95} = {D71CA80E-7EBA-4ED2-9529-A2A309A43B95}
		{9494C92C-AF42-4897-B488-B5B416C2D392} = {9494C92C-AF42-4897-B488-B5B416C2D392}
		{0986A335-5EDA-4F16-8AB2-A8FA8DC5702B} = {0986A335-5EDA-4F16-8AB2-A8FA8DC5702B}
		{F4D89262-37A8-401B-8ABD-D0E18E13E5D1} = {F4D89262-37A8-401B-8ABD-D0E18E13E5D1}
		{2BE3E9BE-0536-42F4-8932-827C6C172109} = {2BE3E9BE-0536-42F4-8932-827C6C172109}
		{1D545AC8-59EA-48C7-A006-C92F0C19633C} = {1D545AC8-59EA-48C7-A006-C92F0C19633C}
	EndProjectSection
EndProject
Project("{8BC9CEB8-8B4A-11D0-8D11-00A0C91BC942}") = "tt-badpacket_tests", "tt-badpacket_tests\tt-badpacket_tests.vcproj", "{8AC71185-0619-477C-8C15-0E59D6DEB127}"
	ProjectSection(ProjectDependencies) = postProject
		{09471D02-D601-4EFA-B342-0DCFE9082737} = {09471D02-D601-4EFA-B342-0DCFE9082737}
		{0986A335-5EDA-4F16-8AB2-A8FA8DC5702B} = {0986A335-5EDA-4F16-8AB2-A8FA8DC5702B}
		{06BE7A3D-800D-4665-A250-9DB588CE7BBE} = {06BE7A3D-800D-4665-A250-9DB588CE7BBE}
		{1D545AC8-59EA-48C7-A006-C92F0C19633C} = {1D545AC8-59EA-48C7-A006-C92F0C19633C}
	EndProjectSection
EndProject
Project("{8BC9CEB8-8B4A-11D0-8D11-00A0C91BC942}") = "liblog_lltest", "liblog_lltest\liblog_lltest.vcproj", "{D9997E45-CF24-4DD1-A837-AB6F60273653}"
	ProjectSection(ProjectDependencies) = postProject
		{9494C92C-AF42-4897-B488-B5B416C2D392} = {9494C92C-AF42-4897-B488-B5B416C2D392}
		{0986A335-5EDA-4F16-8AB2-A8FA8DC5702B} = {0986A335-5EDA-4F16-8AB2-A8FA8DC5702B}
		{9437FF4D-3CCE-45F1-A248-6B713FBF0A5D} = {9437FF4D-3CCE-45F1-A248-6B713FBF0A5D}
		{1D545AC8-59EA-48C7-A006-C92F0C19633C} = {1D545AC8-59EA-48C7-A006-C92F0C19633C}
	EndProjectSection
EndProject
Project("{8BC9CEB8-8B4A-11D0-8D11-00A0C91BC942}") = "liblog_i1utests", "liblog_i1utests\liblog_i1utests.vcproj", "{2D3532B9-30AB-4325-94FF-C2A3F764CD79}"
	ProjectSection(ProjectDependencies) = postProject
		{9494C92C-AF42-4897-B488-B5B416C2D392} = {9494C92C-AF42-4897-B488-B5B416C2D392}
		{0986A335-5EDA-4F16-8AB2-A8FA8DC5702B} = {0986A335-5EDA-4F16-8AB2-A8FA8DC5702B}
		{06BE7A3D-800D-4665-A250-9DB588CE7BBE} = {06BE7A3D-800D-4665-A250-9DB588CE7BBE}
		{1D545AC8-59EA-48C7-A006-C92F0C19633C} = {1D545AC8-59EA-48C7-A006-C92F0C19633C}
	EndProjectSection
EndProject
Project("{8BC9CEB8-8B4A-11D0-8D11-00A0C91BC942}") = "liblog_i2utests", "liblog_i2utests\liblog_i2utests.vcproj", "{2A91C578-0DDA-4957-958D-28AD11266275}"
	ProjectSection(ProjectDependencies) = postProject
		{9494C92C-AF42-4897-B488-B5B416C2D392} = {9494C92C-AF42-4897-B488-B5B416C2D392}
		{0986A335-5EDA-4F16-8AB2-A8FA8DC5702B} = {0986A335-5EDA-4F16-8AB2-A8FA8DC5702B}
		{06BE7A3D-800D-4665-A250-9DB588CE7BBE} = {06BE7A3D-800D-4665-A250-9DB588CE7BBE}
		{1D545AC8-59EA-48C7-A006-C92F0C19633C} = {1D545AC8-59EA-48C7-A006-C92F0C19633C}
	EndProjectSection
EndProject
Global
	GlobalSection(SolutionConfigurationPlatforms) = preSolution
		Debug|Win32 = Debug|Win32
		Release|Win32 = Release|Win32
	EndGlobalSection
	GlobalSection(ProjectConfigurationPlatforms) = postSolution
		{037FE4D5-39B8-4E16-9079-77954AFA21DB}.Debug|Win32.ActiveCfg = Debug|Win32
		{037FE4D5-39B8-4E16-9079-77954AFA21DB}.Debug|Win32.Build.0 = Debug|Win32
		{037FE4D5-39B8-4E16-9079-77954AFA21DB}.Release|Win32.ActiveCfg = Release|Win32
		{037FE4D5-39B8-4E16-9079-77954AFA21DB}.Release|Win32.Build.0 = Release|Win32
		{1D545AC8-59EA-48C7-A006-C92F0C19633C}.Debug|Win32.ActiveCfg = Debug|Win32
		{1D545AC8-59EA-48C7-A006-C92F0C19633C}.Debug|Win32.Build.0 = Debug|Win32
		{1D545AC8-59EA-48C7-A006-C92F0C19633C}.Release|Win32.ActiveCfg = Release|Win32
		{1D545AC8-59EA-48C7-A006-C92F0C19633C}.Release|Win32.Build.0 = Release|Win32
		{DF221D13-B0BD-4984-9EEF-943578CF4B11}.Debug|Win32.ActiveCfg = Debug|Win32
		{DF221D13-B0BD-4984-9EEF-943578CF4B11}.Debug|Win32.Build.0 = Debug|Win32
		{DF221D13-B0BD-4984-9EEF-943578CF4B11}.Release|Win32.ActiveCfg = Release|Win32
		{DF221D13-B0BD-4984-9EEF-943578CF4B11}.Release|Win32.Build.0 = Release|Win32
		{0986A335-5EDA-4F16-8AB2-A8FA8DC5702B}.Debug|Win32.ActiveCfg = Debug|Win32
		{0986A335-5EDA-4F16-8AB2-A8FA8DC5702B}.Debug|Win32.Build.0 = Debug|Win32
		{0986A335-5EDA-4F16-8AB2-A8FA8DC5702B}.Release|Win32.ActiveCfg = Release|Win32
		{0986A335-5EDA-4F16-8AB2-A8FA8DC5702B}.Release|Win32.Build.0 = Release|Win32
		{634A520C-3085-4ACF-BE49-79E01FFCA04F}.Debug|Win32.ActiveCfg = Debug|Win32
		{634A520C-3085-4ACF-BE49-79E01FFCA04F}.Debug|Win32.Build.0 = Debug|Win32
		{634A520C-3085-4ACF-BE49-79E01FFCA04F}.Release|Win32.ActiveCfg = Release|Win32
		{634A520C-3085-4ACF-BE49-79E01FFCA04F}.Release|Win32.Build.0 = Release|Win32
		{06BE7A3D-800D-4665-A250-9DB588CE7BBE}.Debug|Win32.ActiveCfg = Debug|Win32
		{06BE7A3D-800D-4665-A250-9DB588CE7BBE}.Debug|Win32.Build.0 = Debug|Win32
		{06BE7A3D-800D-4665-A250-9DB588CE7BBE}.Release|Win32.ActiveCfg = Release|Win32
		{06BE7A3D-800D-4665-A250-9DB588CE7BBE}.Release|Win32.Build.0 = Release|Win32
		{F4D89262-37A8-401B-8ABD-D0E18E13E5D1}.Debug|Win32.ActiveCfg = Debug|Win32
		{F4D89262-37A8-401B-8ABD-D0E18E13E5D1}.Debug|Win32.Build.0 = Debug|Win32
		{F4D89262-37A8-401B-8ABD-D0E18E13E5D1}.Release|Win32.ActiveCfg = Release|Win32
		{F4D89262-37A8-401B-8ABD-D0E18E13E5D1}.Release|Win32.Build.0 = Release|Win32
		{C49C6288-0381-4F7F-AD11-6E122095A876}.Debug|Win32.ActiveCfg = Debug|Win32
		{C49C6288-0381-4F7F-AD11-6E122095A876}.Debug|Win32.Build.0 = Debug|Win32
		{C49C6288-0381-4F7F-AD11-6E122095A876}.Release|Win32.ActiveCfg = Release|Win32
		{C49C6288-0381-4F7F-AD11-6E122095A876}.Release|Win32.Build.0 = Release|Win32
		{AFA7E20B-A78A-40E9-9639-D131D035C265}.Debug|Win32.ActiveCfg = Debug|Win32
		{AFA7E20B-A78A-40E9-9639-D131D035C265}.Debug|Win32.Build.0 = Debug|Win32
		{AFA7E20B-A78A-40E9-9639-D131D035C265}.Release|Win32.ActiveCfg = Release|Win32
		{AFA7E20B-A78A-40E9-9639-D131D035C265}.Release|Win32.Build.0 = Release|Win32
		{93F88AB1-78D9-41B1-A534-66D64D4B5C54}.Debug|Win32.ActiveCfg = Debug|Win32
		{93F88AB1-78D9-41B1-A534-66D64D4B5C54}.Debug|Win32.Build.0 = Debug|Win32
		{93F88AB1-78D9-41B1-A534-66D64D4B5C54}.Release|Win32.ActiveCfg = Release|Win32
		{93F88AB1-78D9-41B1-A534-66D64D4B5C54}.Release|Win32.Build.0 = Release|Win32
		{8AAF0639-A368-4BE2-81E1-668D0C81FB8F}.Debug|Win32.ActiveCfg = Debug|Win32
		{8AAF0639-A368-4BE2-81E1-668D0C81FB8F}.Debug|Win32.Build.0 = Debug|Win32
		{8AAF0639-A368-4BE2-81E1-668D0C81FB8F}.Release|Win32.ActiveCfg = Release|Win32
		{8AAF0639-A368-4BE2-81E1-668D0C81FB8F}.Release|Win32.Build.0 = Release|Win32
		{E8E425A1-74C4-43B2-9DE9-F59E496333F0}.Debug|Win32.ActiveCfg = Debug|Win32
		{E8E425A1-74C4-43B2-9DE9-F59E496333F0}.Debug|Win32.Build.0 = Debug|Win32
		{E8E425A1-74C4-43B2-9DE9-F59E496333F0}.Release|Win32.ActiveCfg = Release|Win32
		{E8E425A1-74C4-43B2-9DE9-F59E496333F0}.Release|Win32.Build.0 = Release|Win32
		{0131E967-F93E-4E63-9561-47C94411FBEC}.Debug|Win32.ActiveCfg = Debug|Win32
		{0131E967-F93E-4E63-9561-47C94411FBEC}.Debug|Win32.Build.0 = Debug|Win32
		{0131E967-F93E-4E63-9561-47C94411FBEC}.Release|Win32.ActiveCfg = Release|Win32
		{0131E967-F93E-4E63-9561-47C94411FBEC}.Release|Win32.Build.0 = Release|Win32
		{99678BE6-B8EB-4740-9E67-C90C84158785}.Debug|Win32.ActiveCfg = Debug|Win32
		{99678BE6-B8EB-4740-9E67-C90C84158785}.Debug|Win32.Build.0 = Debug|Win32
		{99678BE6-B8EB-4740-9E67-C90C84158785}.Release|Win32.ActiveCfg = Release|Win32
		{99678BE6-B8EB-4740-9E67-C90C84158785}.Release|Win32.Build.0 = Release|Win32
		{B18D03AA-EC46-4AAD-90BA-A6ED843DB7FB}.Debug|Win32.ActiveCfg = Debug|Win32
		{B18D03AA-EC46-4AAD-90BA-A6ED843DB7FB}.Debug|Win32.Build.0 = Debug|Win32
		{B18D03AA-EC46-4AAD-90BA-A6ED843DB7FB}.Release|Win32.ActiveCfg = Release|Win32
		{B18D03AA-EC46-4AAD-90BA-A6ED843DB7FB}.Release|Win32.Build.0 = Release|Win32
		{9494C92C-AF42-4897-B488-B5B416C2D392}.Debug|Win32.ActiveCfg = Debug|Win32
		{9494C92C-AF42-4897-B488-B5B416C2D392}.Debug|Win32.Build.0 = Debug|Win32
		{9494C92C-AF42-4897-B488-B5B416C2D392}.Release|Win32.ActiveCfg = Release|Win32
		{9494C92C-AF42-4897-B488-B5B416C2D392}.Release|Win32.Build.0 = Release|Win32
		{9437FF4D-3CCE-45F1-A248-6B713FBF0A5D}.Debug|Win32.ActiveCfg = Debug|Win32
		{9437FF4D-3CCE-45F1-A248-6B713FBF0A5D}.Debug|Win32.Build.0 = Debug|Win32
		{9437FF4D-3CCE-45F1-A248-6B713FBF0A5D}.Release|Win32.ActiveCfg = Release|Win32
		{9437FF4D-3CCE-45F1-A248-6B713FBF0A5D}.Release|Win32.Build.0 = Release|Win32
		{0633A915-9440-4A79-BA4E-070CC0140F72}.Debug|Win32.ActiveCfg = Debug|Win32
		{0633A915-9440-4A79-BA4E-070CC0140F72}.Debug|Win32.Build.0 = Debug|Win32
		{0633A915-9440-4A79-BA4E-070CC0140F72}.Release|Win32.ActiveCfg = Release|Win32
		{0633A915-9440-4A79-BA4E-070CC0140F72}.Release|Win32.Build.0 = Release|Win32
		{D71CA80E-7EBA-4ED2-9529-A2A309A43B95}.Debug|Win32.ActiveCfg = Debug|Win32
		{D71CA80E-7EBA-4ED2-9529-A2A309A43B95}.Debug|Win32.Build.0 = Debug|Win32
		{D71CA80E-7EBA-4ED2-9529-A2A309A43B95}.Release|Win32.ActiveCfg = Release|Win32
		{D71CA80E-7EBA-4ED2-9529-A2A309A43B95}.Release|Win32.Build.0 = Release|Win32
		{CF7DB86A-D67D-4829-B63A-598E5BFC81BC}.Debug|Win32.ActiveCfg = Debug|Win32
		{CF7DB86A-D67D-4829-B63A-598E5BFC81BC}.Debug|Win32.Build.0 = Debug|Win32
		{CF7DB86A-D67D-4829-B63A-598E5BFC81BC}.Release|Win32.ActiveCfg = Release|Win32
		{CF7DB86A-D67D-4829-B63A-598E5BFC81BC}.Release|Win32.Build.0 = Release|Win32
		{2BE3E9BE-0536-42F4-8932-827C6C172109}.Debug|Win32.ActiveCfg = Debug|Win32
		{2BE3E9BE-0536-42F4-8932-827C6C172109}.Debug|Win32.Build.0 = Debug|Win32
		{2BE3E9BE-0536-42F4-8932-827C6C172109}.Release|Win32.ActiveCfg = Release|Win32
		{2BE3E9BE-0536-42F4-8932-827C6C172109}.Release|Win32.Build.0 = Release|Win32
		{07413DBE-6012-422E-8531-2F7579C2C800}.Debug|Win32.ActiveCfg = Debug|Win32
		{07413DBE-6012-422E-8531-2F7579C2C800}.Debug|Win32.Build.0 = Debug|Win32
		{07413DBE-6012-422E-8531-2F7579C2C800}.Release|Win32.ActiveCfg = Release|Win32
		{07413DBE-6012-422E-8531-2F7579C2C800}.Release|Win32.Build.0 = Release|Win32
		{99F5B212-3D33-4B0E-9878-82FEF4CC0FD0}.Debug|Win32.ActiveCfg = Debug|Win32
		{99F5B212-3D33-4B0E-9878-82FEF4CC0FD0}.Debug|Win32.Build.0 = Debug|Win32
		{99F5B212-3D33-4B0E-9878-82FEF4CC0FD0}.Release|Win32.ActiveCfg = Release|Win32
		{99F5B212-3D33-4B0E-9878-82FEF4CC0FD0}.Release|Win32.Build.0 = Release|Win32
		{F25691DE-F8D2-4CFC-8053-67539BD53AD4}.Debug|Win32.ActiveCfg = Debug|Win32
		{F25691DE-F8D2-4CFC-8053-67539BD53AD4}.Debug|Win32.Build.0 = Debug|Win32
		{F25691DE-F8D2-4CFC-8053-67539BD53AD4}.Release|Win32.ActiveCfg = Release|Win32
		{F25691DE-F8D2-4CFC-8053-67539BD53AD4}.Release|Win32.Build.0 = Release|Win32
		{7D9DD35B-A97E-4EF9-8FCA-2D85F8EA649E}.Debug|Win32.ActiveCfg = Debug|Win32
		{7D9DD35B-A97E-4EF9-8FCA-2D85F8EA649E}.Debug|Win32.Build.0 = Debug|Win32
		{7D9DD35B-A97E-4EF9-8FCA-2D85F8EA649E}.Release|Win32.ActiveCfg = Release|Win32
		{7D9DD35B-A97E-4EF9-8FCA-2D85F8EA649E}.Release|Win32.Build.0 = Release|Win32
		{965D13E1-0E6C-46BF-AFDB-ABFBAFFAA2F4}.Debug|Win32.ActiveCfg = Debug|Win32
		{965D13E1-0E6C-46BF-AFDB-ABFBAFFAA2F4}.Debug|Win32.Build.0 = Debug|Win32
		{965D13E1-0E6C-46BF-AFDB-ABFBAFFAA2F4}.Release|Win32.ActiveCfg = Release|Win32
		{965D13E1-0E6C-46BF-AFDB-ABFBAFFAA2F4}.Release|Win32.Build.0 = Release|Win32
		{38F600CA-1FAF-4BF2-A4D5-B82569C156BC}.Debug|Win32.ActiveCfg = Debug|Win32
		{38F600CA-1FAF-4BF2-A4D5-B82569C156BC}.Debug|Win32.Build.0 = Debug|Win32
		{38F600CA-1FAF-4BF2-A4D5-B82569C156BC}.Release|Win32.ActiveCfg = Release|Win32
		{38F600CA-1FAF-4BF2-A4D5-B82569C156BC}.Release|Win32.Build.0 = Release|Win32
		{593ECCEC-BB6C-449A-911A-6214460AE993}.Debug|Win32.ActiveCfg = Debug|Win32
		{593ECCEC-BB6C-449A-911A-6214460AE993}.Debug|Win32.Build.0 = Debug|Win32
		{593ECCEC-BB6C-449A-911A-6214460AE993}.Release|Win32.ActiveCfg = Release|Win32
		{593ECCEC-BB6C-449A-911A-6214460AE993}.Release|Win32.Build.0 = Release|Win32
		{AB83FDCD-7D87-4866-A490-75DFAB68B361}.Debug|Win32.ActiveCfg = Debug|Win32
		{AB83FDCD-7D87-4866-A490-75DFAB68B361}.Debug|Win32.Build.0 = Debug|Win32
		{AB83FDCD-7D87-4866-A490-75DFAB68B361}.Release|Win32.ActiveCfg = Release|Win32
		{AB83FDCD-7D87-4866-A490-75DFAB68B361}.Release|Win32.Build.0 = Release|Win32
		{79A26930-8CC4-4D98-A899-B4FDF1CE4DC5}.Debug|Win32.ActiveCfg = Debug|Win32
		{79A26930-8CC4-4D98-A899-B4FDF1CE4DC5}.Debug|Win32.Build.0 = Debug|Win32
		{79A26930-8CC4-4D98-A899-B4FDF1CE4DC5}.Release|Win32.ActiveCfg = Release|Win32
		{79A26930-8CC4-4D98-A899-B4FDF1CE4DC5}.Release|Win32.Build.0 = Release|Win32
		{639C8A1D-99DF-4ACA-9755-A51E77FC6EC4}.Debug|Win32.ActiveCfg = Debug|Win32
		{639C8A1D-99DF-4ACA-9755-A51E77FC6EC4}.Debug|Win32.Build.0 = Debug|Win32
		{639C8A1D-99DF-4ACA-9755-A51E77FC6EC4}.Release|Win32.ActiveCfg = Release|Win32
		{639C8A1D-99DF-4ACA-9755-A51E77FC6EC4}.Release|Win32.Build.0 = Release|Win32
		{AB337F8E-F8DD-4013-9638-8585BF087158}.Debug|Win32.ActiveCfg = Debug|Win32
		{AB337F8E-F8DD-4013-9638-8585BF087158}.Debug|Win32.Build.0 = Debug|Win32
		{AB337F8E-F8DD-4013-9638-8585BF087158}.Release|Win32.ActiveCfg = Release|Win32
		{AB337F8E-F8DD-4013-9638-8585BF087158}.Release|Win32.Build.0 = Release|Win32
		{AA3B87DA-D863-46D6-9B6C-CFEC091BAC10}.Debug|Win32.ActiveCfg = Debug|Win32
		{AA3B87DA-D863-46D6-9B6C-CFEC091BAC10}.Debug|Win32.Build.0 = Debug|Win32
		{AA3B87DA-D863-46D6-9B6C-CFEC091BAC10}.Release|Win32.ActiveCfg = Release|Win32
		{AA3B87DA-D863-46D6-9B6C-CFEC091BAC10}.Release|Win32.Build.0 = Release|Win32
		{490FACD4-B54B-40A7-A39F-2EB60B307CEC}.Debug|Win32.ActiveCfg = Debug|Win32
		{490FACD4-B54B-40A7-A39F-2EB60B307CEC}.Debug|Win32.Build.0 = Debug|Win32
		{490FACD4-B54B-40A7-A39F-2EB60B307CEC}.Release|Win32.ActiveCfg = Release|Win32
		{490FACD4-B54B-40A7-A39F-2EB60B307CEC}.Release|Win32.Build.0 = Release|Win32
		{42347681-5872-4D67-9E6B-CD0AA822DEE4}.Debug|Win32.ActiveCfg = Debug|Win32
		{42347681-5872-4D67-9E6B-CD0AA822DEE4}.Debug|Win32.Build.0 = Debug|Win32
		{42347681-5872-4D67-9E6B-CD0AA822DEE4}.Release|Win32.ActiveCfg = Release|Win32
		{42347681-5872-4D67-9E6B-CD0AA822DEE4}.Release|Win32.Build.0 = Release|Win32
		{5E884AFC-FB00-4045-A339-113F36D12C86}.Debug|Win32.ActiveCfg = Debug|Win32
		{5E884AFC-FB00-4045-A339-113F36D12C86}.Debug|Win32.Build.0 = Debug|Win32
		{5E884AFC-FB00-4045-A339-113F36D12C86}.Release|Win32.ActiveCfg = Release|Win32
		{5E884AFC-FB00-4045-A339-113F36D12C86}.Release|Win32.Build.0 = Release|Win32
		{9ABB5EB9-7742-4EBE-955A-0AE81B5878BA}.Debug|Win32.ActiveCfg = Debug|Win32
		{9ABB5EB9-7742-4EBE-955A-0AE81B5878BA}.Debug|Win32.Build.0 = Debug|Win32
		{9ABB5EB9-7742-4EBE-955A-0AE81B5878BA}.Release|Win32.ActiveCfg = Release|Win32
		{9ABB5EB9-7742-4EBE-955A-0AE81B5878BA}.Release|Win32.Build.0 = Release|Win32
		{E1DCE3BE-46BC-444F-927C-714414FDC457}.Debug|Win32.ActiveCfg = Debug|Win32
		{E1DCE3BE-46BC-444F-927C-714414FDC457}.Debug|Win32.Build.0 = Debug|Win32
		{E1DCE3BE-46BC-444F-927C-714414FDC457}.Release|Win32.ActiveCfg = Release|Win32
		{E1DCE3BE-46BC-444F-927C-714414FDC457}.Release|Win32.Build.0 = Release|Win32
		{101C12A4-E84C-4751-A3C6-CB72DE3A4ABC}.Debug|Win32.ActiveCfg = Debug|Win32
		{101C12A4-E84C-4751-A3C6-CB72DE3A4ABC}.Debug|Win32.Build.0 = Debug|Win32
		{101C12A4-E84C-4751-A3C6-CB72DE3A4ABC}.Release|Win32.ActiveCfg = Release|Win32
		{101C12A4-E84C-4751-A3C6-CB72DE3A4ABC}.Release|Win32.Build.0 = Release|Win32
		{3E487E5C-9AE5-4F08-ACCC-448B0C0BE732}.Debug|Win32.ActiveCfg = Debug|Win32
		{3E487E5C-9AE5-4F08-ACCC-448B0C0BE732}.Debug|Win32.Build.0 = Debug|Win32
		{3E487E5C-9AE5-4F08-ACCC-448B0C0BE732}.Release|Win32.ActiveCfg = Release|Win32
		{3E487E5C-9AE5-4F08-ACCC-448B0C0BE732}.Release|Win32.Build.0 = Release|Win32
		{D20A3656-A6C5-4838-B20B-0329DE0AB187}.Debug|Win32.ActiveCfg = Debug|Win32
		{D20A3656-A6C5-4838-B20B-0329DE0AB187}.Debug|Win32.Build.0 = Debug|Win32
		{D20A3656-A6C5-4838-B20B-0329DE0AB187}.Release|Win32.ActiveCfg = Release|Win32
		{D20A3656-A6C5-4838-B20B-0329DE0AB187}.Release|Win32.Build.0 = Release|Win32
		{C5617D33-76BA-4388-AB0E-FC06CFAAA865}.Debug|Win32.ActiveCfg = Debug|Win32
		{C5617D33-76BA-4388-AB0E-FC06CFAAA865}.Debug|Win32.Build.0 = Debug|Win32
		{C5617D33-76BA-4388-AB0E-FC06CFAAA865}.Release|Win32.ActiveCfg = Release|Win32
		{C5617D33-76BA-4388-AB0E-FC06CFAAA865}.Release|Win32.Build.0 = Release|Win32
		{69A17480-26D6-4E58-A3C4-0EE726E80A7C}.Debug|Win32.ActiveCfg = Debug|Win32
		{69A17480-26D6-4E58-A3C4-0EE726E80A7C}.Debug|Win32.Build.0 = Debug|Win32
		{69A17480-26D6-4E58-A3C4-0EE726E80A7C}.Release|Win32.ActiveCfg = Release|Win32
		{69A17480-26D6-4E58-A3C4-0EE726E80A7C}.Release|Win32.Build.0 = Release|Win32
		{2E6C27B1-94FA-4C1B-8338-1A650E05B375}.Debug|Win32.ActiveCfg = Debug|Win32
		{2E6C27B1-94FA-4C1B-8338-1A650E05B375}.Debug|Win32.Build.0 = Debug|Win32
		{2E6C27B1-94FA-4C1B-8338-1A650E05B375}.Release|Win32.ActiveCfg = Release|Win32
		{2E6C27B1-94FA-4C1B-8338-1A650E05B375}.Release|Win32.Build.0 = Release|Win32
		{540ADC90-BF19-4F34-8D44-B415EAEF2338}.Debug|Win32.ActiveCfg = Debug|Win32
		{540ADC90-BF19-4F34-8D44-B415EAEF2338}.Debug|Win32.Build.0 = Debug|Win32
		{540ADC90-BF19-4F34-8D44-B415EAEF2338}.Release|Win32.ActiveCfg = Release|Win32
		{540ADC90-BF19-4F34-8D44-B415EAEF2338}.Release|Win32.Build.0 = Release|Win32
		{3ADF20CD-D230-4911-8BC6-5D394EF54A95}.Debug|Win32.ActiveCfg = Debug|Win32
		{3ADF20CD-D230-4911-8BC6-5D394EF54A95}.Debug|Win32.Build.0 = Debug|Win32
		{3ADF20CD-D230-4911-8BC6-5D394EF54A95}.Release|Win32.ActiveCfg = Release|Win32
		{3ADF20CD-D230-4911-8BC6-5D394EF54A95}.Release|Win32.Build.0 = Release|Win32
		{9C6C5E00-5D4F-4149-88A7-AFDCDC7C5017}.Debug|Win32.ActiveCfg = Debug|Win32
		{9C6C5E00-5D4F-4149-88A7-AFDCDC7C5017}.Debug|Win32.Build.0 = Debug|Win32
		{9C6C5E00-5D4F-4149-88A7-AFDCDC7C5017}.Release|Win32.ActiveCfg = Release|Win32
		{9C6C5E00-5D4F-4149-88A7-AFDCDC7C5017}.Release|Win32.Build.0 = Release|Win32
		{7CFE4391-06F6-4DB2-B631-04BC5D4A40CE}.Debug|Win32.ActiveCfg = Debug|Win32
		{7CFE4391-06F6-4DB2-B631-04BC5D4A40CE}.Debug|Win32.Build.0 = Debug|Win32
		{7CFE4391-06F6-4DB2-B631-04BC5D4A40CE}.Release|Win32.ActiveCfg = Release|Win32
		{7CFE4391-06F6-4DB2-B631-04BC5D4A40CE}.Release|Win32.Build.0 = Release|Win32
		{11EA2746-8E45-4146-86F3-301DEC338E8B}.Debug|Win32.ActiveCfg = Debug|Win32
		{11EA2746-8E45-4146-86F3-301DEC338E8B}.Debug|Win32.Build.0 = Debug|Win32
		{11EA2746-8E45-4146-86F3-301DEC338E8B}.Release|Win32.ActiveCfg = Release|Win32
		{11EA2746-8E45-4146-86F3-301DEC338E8B}.Release|Win32.Build.0 = Release|Win32
		{C138D564-102E-42AB-947B-C96B0F4A0A1A}.Debug|Win32.ActiveCfg = Debug|Win32
		{C138D564-102E-42AB-947B-C96B0F4A0A1A}.Debug|Win32.Build.0 = Debug|Win32
		{C138D564-102E-42AB-947B-C96B0F4A0A1A}.Release|Win32.ActiveCfg = Release|Win32
		{C138D564-102E-42AB-947B-C96B0F4A0A1A}.Release|Win32.Build.0 = Release|Win32
		{50427469-52BA-4961-80AF-7591198BB1D2}.Debug|Win32.ActiveCfg = Debug|Win32
		{50427469-52BA-4961-80AF-7591198BB1D2}.Debug|Win32.Build.0 = Debug|Win32
		{50427469-52BA-4961-80AF-7591198BB1D2}.Release|Win32.ActiveCfg = Release|Win32
		{50427469-52BA-4961-80AF-7591198BB1D2}.Release|Win32.Build.0 = Release|Win32
		{B564FA1E-1B2F-42A9-9A2F-F340DC430848}.Debug|Win32.ActiveCfg = Debug|Win32
		{B564FA1E-1B2F-42A9-9A2F-F340DC430848}.Debug|Win32.Build.0 = Debug|Win32
		{B564FA1E-1B2F-42A9-9A2F-F340DC430848}.Release|Win32.ActiveCfg = Release|Win32
		{B564FA1E-1B2F-42A9-9A2F-F340DC430848}.Release|Win32.Build.0 = Release|Win32
		{B14E334B-B2E5-4A7E-8A55-157BD70ECBE5}.Debug|Win32.ActiveCfg = Debug|Win32
		{B14E334B-B2E5-4A7E-8A55-157BD70ECBE5}.Debug|Win32.Build.0 = Debug|Win32
		{B14E334B-B2E5-4A7E-8A55-157BD70ECBE5}.Release|Win32.ActiveCfg = Release|Win32
		{B14E334B-B2E5-4A7E-8A55-157BD70ECBE5}.Release|Win32.Build.0 = Release|Win32
		{BBF802E6-B6CB-4C58-A0FD-C2DF0F2ADEC2}.Debug|Win32.ActiveCfg = Debug|Win32
		{BBF802E6-B6CB-4C58-A0FD-C2DF0F2ADEC2}.Debug|Win32.Build.0 = Debug|Win32
		{BBF802E6-B6CB-4C58-A0FD-C2DF0F2ADEC2}.Release|Win32.ActiveCfg = Release|Win32
		{BBF802E6-B6CB-4C58-A0FD-C2DF0F2ADEC2}.Release|Win32.Build.0 = Release|Win32
		{2F08DDA1-4175-45E0-92C1-D5919199F543}.Debug|Win32.ActiveCfg = Debug|Win32
		{2F08DDA1-4175-45E0-92C1-D5919199F543}.Debug|Win32.Build.0 = Debug|Win32
		{2F08DDA1-4175-45E0-92C1-D5919199F543}.Release|Win32.ActiveCfg = Release|Win32
		{2F08DDA1-4175-45E0-92C1-D5919199F543}.Release|Win32.Build.0 = Release|Win32
		{197FDB8D-FAE9-498A-B55B-E009932CD196}.Debug|Win32.ActiveCfg = Debug|Win32
		{197FDB8D-FAE9-498A-B55B-E009932CD196}.Debug|Win32.Build.0 = Debug|Win32
		{197FDB8D-FAE9-498A-B55B-E009932CD196}.Release|Win32.ActiveCfg = Release|Win32
		{197FDB8D-FAE9-498A-B55B-E009932CD196}.Release|Win32.Build.0 = Release|Win32
		{3D19B634-75D8-4E99-8AF6-032AA67B0353}.Debug|Win32.ActiveCfg = Debug|Win32
		{3D19B634-75D8-4E99-8AF6-032AA67B0353}.Debug|Win32.Build.0 = Debug|Win32
		{3D19B634-75D8-4E99-8AF6-032AA67B0353}.Release|Win32.ActiveCfg = Release|Win32
		{3D19B634-75D8-4E99-8AF6-032AA67B0353}.Release|Win32.Build.0 = Release|Win32
		{C40A319A-A08A-4482-A68D-2A5754778D7D}.Debug|Win32.ActiveCfg = Debug|Win32
		{C40A319A-A08A-4482-A68D-2A5754778D7D}.Debug|Win32.Build.0 = Debug|Win32
		{C40A319A-A08A-4482-A68D-2A5754778D7D}.Release|Win32.ActiveCfg = Release|Win32
		{C40A319A-A08A-4482-A68D-2A5754778D7D}.Release|Win32.Build.0 = Release|Win32
		{09471D02-D601-4EFA-B342-0DCFE9082737}.Debug|Win32.ActiveCfg = Debug|Win32
		{09471D02-D601-4EFA-B342-0DCFE9082737}.Debug|Win32.Build.0 = Debug|Win32
		{09471D02-D601-4EFA-B342-0DCFE9082737}.Release|Win32.ActiveCfg = Release|Win32
		{09471D02-D601-4EFA-B342-0DCFE9082737}.Release|Win32.Build.0 = Release|Win32
		{8AC71185-0619-477C-8C15-0E59D6DEB127}.Debug|Win32.ActiveCfg = Debug|Win32
		{8AC71185-0619-477C-8C15-0E59D6DEB127}.Debug|Win32.Build.0 = Debug|Win32
		{8AC71185-0619-477C-8C15-0E59D6DEB127}.Release|Win32.ActiveCfg = Release|Win32
		{8AC71185-0619-477C-8C15-0E59D6DEB127}.Release|Win32.Build.0 = Release|Win32
		{D9997E45-CF24-4DD1-A837-AB6F60273653}.Debug|Win32.ActiveCfg = Debug|Win32
		{D9997E45-CF24-4DD1-A837-AB6F60273653}.Debug|Win32.Build.0 = Debug|Win32
		{D9997E45-CF24-4DD1-A837-AB6F60273653}.Release|Win32.ActiveCfg = Release|Win32
		{D9997E45-CF24-4DD1-A837-AB6F60273653}.Release|Win32.Build.0 = Release|Win32
		{2D3532B9-30AB-4325-94FF-C2A3F764CD79}.Debug|Win32.ActiveCfg = Debug|Win32
		{2D3532B9-30AB-4325-94FF-C2A3F764CD79}.Debug|Win32.Build.0 = Debug|Win32
		{2D3532B9-30AB-4325-94FF-C2A3F764CD79}.Release|Win32.ActiveCfg = Release|Win32
		{2D3532B9-30AB-4325-94FF-C2A3F764CD79}.Release|Win32.Build.0 = Release|Win32
		{2A91C578-0DDA-4957-958D-28AD11266275}.Debug|Win32.ActiveCfg = Debug|Win32
		{2A91C578-0DDA-4957-958D-28AD11266275}.Debug|Win32.Build.0 = Debug|Win32
		{2A91C578-0DDA-4957-958D-28AD11266275}.Release|Win32.ActiveCfg = Release|Win32
		{2A91C578-0DDA-4957-958D-28AD11266275}.Release|Win32.Build.0 = Release|Win32
	EndGlobalSection
	GlobalSection(SolutionProperties) = preSolution
		HideSolutionNode = FALSE
	EndGlobalSection
EndGlobal
